// !$*UTF8*$!
{
	archiveVersion = 1;
	classes = {
	};
	objectVersion = 46;
	objects = {

/* Begin PBXBuildFile section */
		00E356F31AD99517003FC87E /* BritboxTests.m in Sources */ = {isa = PBXBuildFile; fileRef = 00E356F21AD99517003FC87E /* BritboxTests.m */; };
		042C9F822548869A00C9B72A /* VideoSubscriberAccount.framework in Frameworks */ = {isa = PBXBuildFile; fileRef = 042C9F812548869A00C9B72A /* VideoSubscriberAccount.framework */; };
		045B5CEC253F15390061F30D /* Intents.framework in Frameworks */ = {isa = PBXBuildFile; fileRef = 045B5CEB253F15390061F30D /* Intents.framework */; };
		045B5CEF253F16B00061F30D /* AppleTVController.m in Sources */ = {isa = PBXBuildFile; fileRef = 045B5CEE253F16B00061F30D /* AppleTVController.m */; };
		13B07FBC1A68108700A75B9A /* AppDelegate.m in Sources */ = {isa = PBXBuildFile; fileRef = 13B07FB01A68108700A75B9A /* AppDelegate.m */; };
		13B07FBF1A68108700A75B9A /* Images.xcassets in Resources */ = {isa = PBXBuildFile; fileRef = 13B07FB51A68108700A75B9A /* Images.xcassets */; };
		13B07FC11A68108700A75B9A /* main.m in Sources */ = {isa = PBXBuildFile; fileRef = 13B07FB71A68108700A75B9A /* main.m */; };
		1C05A33B6D89DAEA29595AA6 /* libPods-Britbox-tvOSTests.a in Frameworks */ = {isa = PBXBuildFile; fileRef = CD9B83F067F6344B862B3C46 /* libPods-Britbox-tvOSTests.a */; };
		2D02E4BC1E0B4A80006451C7 /* AppDelegate.m in Sources */ = {isa = PBXBuildFile; fileRef = 13B07FB01A68108700A75B9A /* AppDelegate.m */; };
		2D02E4BD1E0B4A84006451C7 /* Images.xcassets in Resources */ = {isa = PBXBuildFile; fileRef = 13B07FB51A68108700A75B9A /* Images.xcassets */; };
		2D02E4BF1E0B4AB3006451C7 /* main.m in Sources */ = {isa = PBXBuildFile; fileRef = 13B07FB71A68108700A75B9A /* main.m */; };
		2DCD954D1E0B4F2C00145EB5 /* BritboxTests.m in Sources */ = {isa = PBXBuildFile; fileRef = 00E356F21AD99517003FC87E /* BritboxTests.m */; };
		589299F9634350BC0B8B5AA4 /* libPods-Britbox-BritboxTests.a in Frameworks */ = {isa = PBXBuildFile; fileRef = 51F4DEBCB8734AA3C0279F71 /* libPods-Britbox-BritboxTests.a */; };
		7245967AA03A862C76ABC0E6 /* libPods-Britbox.a in Frameworks */ = {isa = PBXBuildFile; fileRef = 7252597749B0E6322B6BE4FD /* libPods-Britbox.a */; };
		81AB9BB82411601600AC10FF /* LaunchScreen.storyboard in Resources */ = {isa = PBXBuildFile; fileRef = 81AB9BB72411601600AC10FF /* LaunchScreen.storyboard */; };
		A957AA0C251934F800765DCE /* MuseoSans-900.ttf in Resources */ = {isa = PBXBuildFile; fileRef = A957AA07251934F800765DCE /* MuseoSans-900.ttf */; };
		A957AA0D251934F800765DCE /* MuseoSans-100.ttf in Resources */ = {isa = PBXBuildFile; fileRef = A957AA08251934F800765DCE /* MuseoSans-100.ttf */; };
		A957AA0E251934F800765DCE /* MuseoSans-700.ttf in Resources */ = {isa = PBXBuildFile; fileRef = A957AA09251934F800765DCE /* MuseoSans-700.ttf */; };
		A957AA0F251934F800765DCE /* MuseoSans-500.ttf in Resources */ = {isa = PBXBuildFile; fileRef = A957AA0A251934F800765DCE /* MuseoSans-500.ttf */; };
		A957AA10251934F800765DCE /* MuseoSans-300.ttf in Resources */ = {isa = PBXBuildFile; fileRef = A957AA0B251934F800765DCE /* MuseoSans-300.ttf */; };
		A957AA1C251936A400765DCE /* File.swift in Sources */ = {isa = PBXBuildFile; fileRef = A957AA1B251936A400765DCE /* File.swift */; };
		A957AA22251936E700765DCE /* StoreKit.framework in Frameworks */ = {isa = PBXBuildFile; fileRef = A957AA21251936E700765DCE /* StoreKit.framework */; };
		A95885BC2553A0A2006713BD /* AppCenter-Config.plist in Resources */ = {isa = PBXBuildFile; fileRef = A95885BB2553A0A2006713BD /* AppCenter-Config.plist */; };
		BCA6CD4525A79CA6003B9F9E /* File.swift in Sources */ = {isa = PBXBuildFile; fileRef = BCA6CD4425A79CA6003B9F9E /* File.swift */; };
		BCF03AFD25A35D5500FB140B /* JavaScriptCore.framework in Frameworks */ = {isa = PBXBuildFile; fileRef = ED297162215061F000B7C4FE /* JavaScriptCore.framework */; };
		F3DCED45B76B84730A54813B /* libPods-Britbox-tvOS.a in Frameworks */ = {isa = PBXBuildFile; fileRef = 90D8EB20CA6CE83B32A0B663 /* libPods-Britbox-tvOS.a */; };
/* End PBXBuildFile section */

/* Begin PBXContainerItemProxy section */
		00E356F41AD99517003FC87E /* PBXContainerItemProxy */ = {
			isa = PBXContainerItemProxy;
			containerPortal = 83CBB9F71A601CBA00E9B192 /* Project object */;
			proxyType = 1;
			remoteGlobalIDString = 13B07F861A680F5B00A75B9A;
			remoteInfo = Britbox;
		};
		2D02E4911E0B4A5D006451C7 /* PBXContainerItemProxy */ = {
			isa = PBXContainerItemProxy;
			containerPortal = 83CBB9F71A601CBA00E9B192 /* Project object */;
			proxyType = 1;
			remoteGlobalIDString = 2D02E47A1E0B4A5D006451C7;
			remoteInfo = "Britbox-tvOS";
		};
/* End PBXContainerItemProxy section */

/* Begin PBXFileReference section */
		008F07F21AC5B25A0029DE68 /* main.jsbundle */ = {isa = PBXFileReference; fileEncoding = 4; lastKnownFileType = text; path = main.jsbundle; sourceTree = "<group>"; };
		00E356EE1AD99517003FC87E /* BritboxTests.xctest */ = {isa = PBXFileReference; explicitFileType = wrapper.cfbundle; includeInIndex = 0; path = BritboxTests.xctest; sourceTree = BUILT_PRODUCTS_DIR; };
		00E356F11AD99517003FC87E /* Info.plist */ = {isa = PBXFileReference; lastKnownFileType = text.plist.xml; path = Info.plist; sourceTree = "<group>"; };
		00E356F21AD99517003FC87E /* BritboxTests.m */ = {isa = PBXFileReference; lastKnownFileType = sourcecode.c.objc; path = BritboxTests.m; sourceTree = "<group>"; };
		042C9F812548869A00C9B72A /* VideoSubscriberAccount.framework */ = {isa = PBXFileReference; lastKnownFileType = wrapper.framework; name = VideoSubscriberAccount.framework; path = System/Library/Frameworks/VideoSubscriberAccount.framework; sourceTree = SDKROOT; };
		045B5CEB253F15390061F30D /* Intents.framework */ = {isa = PBXFileReference; lastKnownFileType = wrapper.framework; name = Intents.framework; path = System/Library/Frameworks/Intents.framework; sourceTree = SDKROOT; };
		045B5CED253F16B00061F30D /* AppleTVController.h */ = {isa = PBXFileReference; lastKnownFileType = sourcecode.c.h; path = AppleTVController.h; sourceTree = "<group>"; };
		045B5CEE253F16B00061F30D /* AppleTVController.m */ = {isa = PBXFileReference; lastKnownFileType = sourcecode.c.objc; path = AppleTVController.m; sourceTree = "<group>"; };
		13B07F961A680F5B00A75B9A /* Britbox.app */ = {isa = PBXFileReference; explicitFileType = wrapper.application; includeInIndex = 0; path = Britbox.app; sourceTree = BUILT_PRODUCTS_DIR; };
		13B07FAF1A68108700A75B9A /* AppDelegate.h */ = {isa = PBXFileReference; fileEncoding = 4; lastKnownFileType = sourcecode.c.h; name = AppDelegate.h; path = Britbox/AppDelegate.h; sourceTree = "<group>"; };
		13B07FB01A68108700A75B9A /* AppDelegate.m */ = {isa = PBXFileReference; fileEncoding = 4; lastKnownFileType = sourcecode.c.objc; name = AppDelegate.m; path = Britbox/AppDelegate.m; sourceTree = "<group>"; };
		13B07FB51A68108700A75B9A /* Images.xcassets */ = {isa = PBXFileReference; lastKnownFileType = folder.assetcatalog; name = Images.xcassets; path = Britbox/Images.xcassets; sourceTree = "<group>"; };
		13B07FB61A68108700A75B9A /* Info.plist */ = {isa = PBXFileReference; fileEncoding = 4; lastKnownFileType = text.plist.xml; name = Info.plist; path = Britbox/Info.plist; sourceTree = "<group>"; };
		13B07FB71A68108700A75B9A /* main.m */ = {isa = PBXFileReference; fileEncoding = 4; lastKnownFileType = sourcecode.c.objc; name = main.m; path = Britbox/main.m; sourceTree = "<group>"; };
		1650C729761E278826C9B7BA /* Pods-Britbox.debugproduction.xcconfig */ = {isa = PBXFileReference; includeInIndex = 1; lastKnownFileType = text.xcconfig; name = "Pods-Britbox.debugproduction.xcconfig"; path = "Target Support Files/Pods-Britbox/Pods-Britbox.debugproduction.xcconfig"; sourceTree = "<group>"; };
		1D845FE487EB0436BFE4BB99 /* Pods-Britbox-tvOS.releasestaging.xcconfig */ = {isa = PBXFileReference; includeInIndex = 1; lastKnownFileType = text.xcconfig; name = "Pods-Britbox-tvOS.releasestaging.xcconfig"; path = "Target Support Files/Pods-Britbox-tvOS/Pods-Britbox-tvOS.releasestaging.xcconfig"; sourceTree = "<group>"; };
		2007A3D80231DB89D0DEE091 /* Pods-Britbox-BritboxTests.debugstaging.xcconfig */ = {isa = PBXFileReference; includeInIndex = 1; lastKnownFileType = text.xcconfig; name = "Pods-Britbox-BritboxTests.debugstaging.xcconfig"; path = "Target Support Files/Pods-Britbox-BritboxTests/Pods-Britbox-BritboxTests.debugstaging.xcconfig"; sourceTree = "<group>"; };
		2609B2419461587409AD08FF /* Pods-Britbox-tvOS.release.xcconfig */ = {isa = PBXFileReference; includeInIndex = 1; lastKnownFileType = text.xcconfig; name = "Pods-Britbox-tvOS.release.xcconfig"; path = "Target Support Files/Pods-Britbox-tvOS/Pods-Britbox-tvOS.release.xcconfig"; sourceTree = "<group>"; };
		2A7B3BEDD025C1AA619A12B5 /* Pods-Britbox-BritboxTests.releaseproduction.xcconfig */ = {isa = PBXFileReference; includeInIndex = 1; lastKnownFileType = text.xcconfig; name = "Pods-Britbox-BritboxTests.releaseproduction.xcconfig"; path = "Target Support Files/Pods-Britbox-BritboxTests/Pods-Britbox-BritboxTests.releaseproduction.xcconfig"; sourceTree = "<group>"; };
		2D02E47B1E0B4A5D006451C7 /* Britbox-tvOS.app */ = {isa = PBXFileReference; explicitFileType = wrapper.application; includeInIndex = 0; path = "Britbox-tvOS.app"; sourceTree = BUILT_PRODUCTS_DIR; };
		2D02E4901E0B4A5D006451C7 /* Britbox-tvOSTests.xctest */ = {isa = PBXFileReference; explicitFileType = wrapper.cfbundle; includeInIndex = 0; path = "Britbox-tvOSTests.xctest"; sourceTree = BUILT_PRODUCTS_DIR; };
		4832EF2C1D5297ABBA6A9E77 /* Pods-Britbox-BritboxTests.releasestaging.xcconfig */ = {isa = PBXFileReference; includeInIndex = 1; lastKnownFileType = text.xcconfig; name = "Pods-Britbox-BritboxTests.releasestaging.xcconfig"; path = "Target Support Files/Pods-Britbox-BritboxTests/Pods-Britbox-BritboxTests.releasestaging.xcconfig"; sourceTree = "<group>"; };
		51F4DEBCB8734AA3C0279F71 /* libPods-Britbox-BritboxTests.a */ = {isa = PBXFileReference; explicitFileType = archive.ar; includeInIndex = 0; path = "libPods-Britbox-BritboxTests.a"; sourceTree = BUILT_PRODUCTS_DIR; };
		7252597749B0E6322B6BE4FD /* libPods-Britbox.a */ = {isa = PBXFileReference; explicitFileType = archive.ar; includeInIndex = 0; path = "libPods-Britbox.a"; sourceTree = BUILT_PRODUCTS_DIR; };
		81AB9BB72411601600AC10FF /* LaunchScreen.storyboard */ = {isa = PBXFileReference; fileEncoding = 4; lastKnownFileType = file.storyboard; name = LaunchScreen.storyboard; path = Britbox/LaunchScreen.storyboard; sourceTree = "<group>"; };
		827631C811E1646C410EB803 /* Pods-Britbox-tvOS.debugproduction.xcconfig */ = {isa = PBXFileReference; includeInIndex = 1; lastKnownFileType = text.xcconfig; name = "Pods-Britbox-tvOS.debugproduction.xcconfig"; path = "Target Support Files/Pods-Britbox-tvOS/Pods-Britbox-tvOS.debugproduction.xcconfig"; sourceTree = "<group>"; };
		90D8EB20CA6CE83B32A0B663 /* libPods-Britbox-tvOS.a */ = {isa = PBXFileReference; explicitFileType = archive.ar; includeInIndex = 0; path = "libPods-Britbox-tvOS.a"; sourceTree = BUILT_PRODUCTS_DIR; };
		92EAF93D37EAD1E9396696F4 /* Pods-Britbox.releaseproduction.xcconfig */ = {isa = PBXFileReference; includeInIndex = 1; lastKnownFileType = text.xcconfig; name = "Pods-Britbox.releaseproduction.xcconfig"; path = "Target Support Files/Pods-Britbox/Pods-Britbox.releaseproduction.xcconfig"; sourceTree = "<group>"; };
		97F7D9FD90473DA6DAEA76C5 /* Pods-Britbox-BritboxTests.debugproduction.xcconfig */ = {isa = PBXFileReference; includeInIndex = 1; lastKnownFileType = text.xcconfig; name = "Pods-Britbox-BritboxTests.debugproduction.xcconfig"; path = "Target Support Files/Pods-Britbox-BritboxTests/Pods-Britbox-BritboxTests.debugproduction.xcconfig"; sourceTree = "<group>"; };
		9D3640F70FE243F577C57DD6 /* Pods-Britbox-tvOSTests.release.xcconfig */ = {isa = PBXFileReference; includeInIndex = 1; lastKnownFileType = text.xcconfig; name = "Pods-Britbox-tvOSTests.release.xcconfig"; path = "Target Support Files/Pods-Britbox-tvOSTests/Pods-Britbox-tvOSTests.release.xcconfig"; sourceTree = "<group>"; };
		A3C38197917A5C829B72C13E /* Pods-Britbox-tvOSTests.releaseproduction.xcconfig */ = {isa = PBXFileReference; includeInIndex = 1; lastKnownFileType = text.xcconfig; name = "Pods-Britbox-tvOSTests.releaseproduction.xcconfig"; path = "Target Support Files/Pods-Britbox-tvOSTests/Pods-Britbox-tvOSTests.releaseproduction.xcconfig"; sourceTree = "<group>"; };
		A957AA07251934F800765DCE /* MuseoSans-900.ttf */ = {isa = PBXFileReference; lastKnownFileType = file; path = "MuseoSans-900.ttf"; sourceTree = "<group>"; };
		A957AA08251934F800765DCE /* MuseoSans-100.ttf */ = {isa = PBXFileReference; lastKnownFileType = file; path = "MuseoSans-100.ttf"; sourceTree = "<group>"; };
		A957AA09251934F800765DCE /* MuseoSans-700.ttf */ = {isa = PBXFileReference; lastKnownFileType = file; path = "MuseoSans-700.ttf"; sourceTree = "<group>"; };
		A957AA0A251934F800765DCE /* MuseoSans-500.ttf */ = {isa = PBXFileReference; lastKnownFileType = file; path = "MuseoSans-500.ttf"; sourceTree = "<group>"; };
		A957AA0B251934F800765DCE /* MuseoSans-300.ttf */ = {isa = PBXFileReference; lastKnownFileType = file; path = "MuseoSans-300.ttf"; sourceTree = "<group>"; };
		A957AA1B251936A400765DCE /* File.swift */ = {isa = PBXFileReference; lastKnownFileType = sourcecode.swift; path = File.swift; sourceTree = "<group>"; };
		A957AA21251936E700765DCE /* StoreKit.framework */ = {isa = PBXFileReference; lastKnownFileType = wrapper.framework; name = StoreKit.framework; path = System/Library/Frameworks/StoreKit.framework; sourceTree = SDKROOT; };
		A957AA23251936ED00765DCE /* Britbox.entitlements */ = {isa = PBXFileReference; lastKnownFileType = text.plist.entitlements; name = Britbox.entitlements; path = Britbox/Britbox.entitlements; sourceTree = "<group>"; };
		A95885BB2553A0A2006713BD /* AppCenter-Config.plist */ = {isa = PBXFileReference; lastKnownFileType = text.plist.xml; path = "AppCenter-Config.plist"; sourceTree = "<group>"; };
		A9EA1A2B252AB32200E25505 /* libYogaKit.a */ = {isa = PBXFileReference; explicitFileType = archive.ar; path = libYogaKit.a; sourceTree = BUILT_PRODUCTS_DIR; };
		AB80DCBAD7EE37D5335F4FEE /* Pods-Britbox-tvOSTests.releasestaging.xcconfig */ = {isa = PBXFileReference; includeInIndex = 1; lastKnownFileType = text.xcconfig; name = "Pods-Britbox-tvOSTests.releasestaging.xcconfig"; path = "Target Support Files/Pods-Britbox-tvOSTests/Pods-Britbox-tvOSTests.releasestaging.xcconfig"; sourceTree = "<group>"; };
		AF0B0B2D5F7E3822BD060737 /* Pods-Britbox-tvOSTests.debugproduction.xcconfig */ = {isa = PBXFileReference; includeInIndex = 1; lastKnownFileType = text.xcconfig; name = "Pods-Britbox-tvOSTests.debugproduction.xcconfig"; path = "Target Support Files/Pods-Britbox-tvOSTests/Pods-Britbox-tvOSTests.debugproduction.xcconfig"; sourceTree = "<group>"; };
		BCA6CD4325A79CA6003B9F9E /* Britbox-Bridging-Header.h */ = {isa = PBXFileReference; lastKnownFileType = sourcecode.c.h; path = "Britbox-Bridging-Header.h"; sourceTree = "<group>"; };
		BCA6CD4425A79CA6003B9F9E /* File.swift */ = {isa = PBXFileReference; lastKnownFileType = sourcecode.swift; path = File.swift; sourceTree = "<group>"; };
		BCF03D9325A364F900FB140B /* lib */ = {isa = PBXFileReference; lastKnownFileType = folder; name = lib; path = "../node_modules/react-native-safe-area-context/lib"; sourceTree = "<group>"; };
		BCF03D9D25A3651D00FB140B /* RNCSafeAreaView.m */ = {isa = PBXFileReference; lastKnownFileType = sourcecode.c.objc; name = RNCSafeAreaView.m; path = "../node_modules/react-native-safe-area-context/ios/SafeAreaView/RNCSafeAreaView.m"; sourceTree = "<group>"; };
		BCF03D9E25A3651D00FB140B /* RNCSafeAreaViewManager.m */ = {isa = PBXFileReference; lastKnownFileType = sourcecode.c.objc; name = RNCSafeAreaViewManager.m; path = "../node_modules/react-native-safe-area-context/ios/SafeAreaView/RNCSafeAreaViewManager.m"; sourceTree = "<group>"; };
		BCF03D9F25A3651D00FB140B /* RNCSafeAreaShadowView.m */ = {isa = PBXFileReference; lastKnownFileType = sourcecode.c.objc; name = RNCSafeAreaShadowView.m; path = "../node_modules/react-native-safe-area-context/ios/SafeAreaView/RNCSafeAreaShadowView.m"; sourceTree = "<group>"; };
		BCF03DA025A3651D00FB140B /* RCTView+SafeAreaCompat.m */ = {isa = PBXFileReference; lastKnownFileType = sourcecode.c.objc; name = "RCTView+SafeAreaCompat.m"; path = "../node_modules/react-native-safe-area-context/ios/SafeAreaView/RCTView+SafeAreaCompat.m"; sourceTree = "<group>"; };
		BCF03DA125A3651D00FB140B /* RNCSafeAreaViewLocalData.m */ = {isa = PBXFileReference; lastKnownFileType = sourcecode.c.objc; name = RNCSafeAreaViewLocalData.m; path = "../node_modules/react-native-safe-area-context/ios/SafeAreaView/RNCSafeAreaViewLocalData.m"; sourceTree = "<group>"; };
		BCF03DA225A3651D00FB140B /* RNCSafeAreaView.h */ = {isa = PBXFileReference; lastKnownFileType = sourcecode.c.h; name = RNCSafeAreaView.h; path = "../node_modules/react-native-safe-area-context/ios/SafeAreaView/RNCSafeAreaView.h"; sourceTree = "<group>"; };
		BCF03DA325A3651D00FB140B /* RNCSafeAreaProviderManager.m */ = {isa = PBXFileReference; lastKnownFileType = sourcecode.c.objc; name = RNCSafeAreaProviderManager.m; path = "../node_modules/react-native-safe-area-context/ios/SafeAreaView/RNCSafeAreaProviderManager.m"; sourceTree = "<group>"; };
		BCF03DA425A3651D00FB140B /* RNCSafeAreaShadowView.h */ = {isa = PBXFileReference; lastKnownFileType = sourcecode.c.h; name = RNCSafeAreaShadowView.h; path = "../node_modules/react-native-safe-area-context/ios/SafeAreaView/RNCSafeAreaShadowView.h"; sourceTree = "<group>"; };
		BCF03DA525A3651D00FB140B /* RNCSafeAreaProviderManager.h */ = {isa = PBXFileReference; lastKnownFileType = sourcecode.c.h; name = RNCSafeAreaProviderManager.h; path = "../node_modules/react-native-safe-area-context/ios/SafeAreaView/RNCSafeAreaProviderManager.h"; sourceTree = "<group>"; };
		BCF03DA625A3651D00FB140B /* RCTView+SafeAreaCompat.h */ = {isa = PBXFileReference; lastKnownFileType = sourcecode.c.h; name = "RCTView+SafeAreaCompat.h"; path = "../node_modules/react-native-safe-area-context/ios/SafeAreaView/RCTView+SafeAreaCompat.h"; sourceTree = "<group>"; };
		BCF03DA725A3651D00FB140B /* RNCSafeAreaProvider.m */ = {isa = PBXFileReference; lastKnownFileType = sourcecode.c.objc; name = RNCSafeAreaProvider.m; path = "../node_modules/react-native-safe-area-context/ios/SafeAreaView/RNCSafeAreaProvider.m"; sourceTree = "<group>"; };
		BCF03DA825A3651D00FB140B /* RNCSafeAreaViewEdges.h */ = {isa = PBXFileReference; lastKnownFileType = sourcecode.c.h; name = RNCSafeAreaViewEdges.h; path = "../node_modules/react-native-safe-area-context/ios/SafeAreaView/RNCSafeAreaViewEdges.h"; sourceTree = "<group>"; };
		BCF03DA925A3651D00FB140B /* RNCSafeAreaViewEdges.m */ = {isa = PBXFileReference; lastKnownFileType = sourcecode.c.objc; name = RNCSafeAreaViewEdges.m; path = "../node_modules/react-native-safe-area-context/ios/SafeAreaView/RNCSafeAreaViewEdges.m"; sourceTree = "<group>"; };
		BCF03DAA25A3651D00FB140B /* RNCSafeAreaViewManager.h */ = {isa = PBXFileReference; lastKnownFileType = sourcecode.c.h; name = RNCSafeAreaViewManager.h; path = "../node_modules/react-native-safe-area-context/ios/SafeAreaView/RNCSafeAreaViewManager.h"; sourceTree = "<group>"; };
		BCF03DAB25A3651D00FB140B /* RNCSafeAreaViewMode.m */ = {isa = PBXFileReference; lastKnownFileType = sourcecode.c.objc; name = RNCSafeAreaViewMode.m; path = "../node_modules/react-native-safe-area-context/ios/SafeAreaView/RNCSafeAreaViewMode.m"; sourceTree = "<group>"; };
		BCF03DAC25A3651D00FB140B /* RNCSafeAreaProvider.h */ = {isa = PBXFileReference; lastKnownFileType = sourcecode.c.h; name = RNCSafeAreaProvider.h; path = "../node_modules/react-native-safe-area-context/ios/SafeAreaView/RNCSafeAreaProvider.h"; sourceTree = "<group>"; };
		BCF03DAD25A3651D00FB140B /* RNCSafeAreaViewLocalData.h */ = {isa = PBXFileReference; lastKnownFileType = sourcecode.c.h; name = RNCSafeAreaViewLocalData.h; path = "../node_modules/react-native-safe-area-context/ios/SafeAreaView/RNCSafeAreaViewLocalData.h"; sourceTree = "<group>"; };
		BCF03DAE25A3651E00FB140B /* RNCSafeAreaViewMode.h */ = {isa = PBXFileReference; lastKnownFileType = sourcecode.c.h; name = RNCSafeAreaViewMode.h; path = "../node_modules/react-native-safe-area-context/ios/SafeAreaView/RNCSafeAreaViewMode.h"; sourceTree = "<group>"; };
		BE6BE6C1CFADB314A2B83C84 /* Pods-Britbox-BritboxTests.release.xcconfig */ = {isa = PBXFileReference; includeInIndex = 1; lastKnownFileType = text.xcconfig; name = "Pods-Britbox-BritboxTests.release.xcconfig"; path = "Target Support Files/Pods-Britbox-BritboxTests/Pods-Britbox-BritboxTests.release.xcconfig"; sourceTree = "<group>"; };
		C181795586A793218A1DB2F8 /* Pods-Britbox-BritboxTests.debug.xcconfig */ = {isa = PBXFileReference; includeInIndex = 1; lastKnownFileType = text.xcconfig; name = "Pods-Britbox-BritboxTests.debug.xcconfig"; path = "Target Support Files/Pods-Britbox-BritboxTests/Pods-Britbox-BritboxTests.debug.xcconfig"; sourceTree = "<group>"; };
		C263FDF3FD02CCC59E4F6332 /* Pods-Britbox.debugstaging.xcconfig */ = {isa = PBXFileReference; includeInIndex = 1; lastKnownFileType = text.xcconfig; name = "Pods-Britbox.debugstaging.xcconfig"; path = "Target Support Files/Pods-Britbox/Pods-Britbox.debugstaging.xcconfig"; sourceTree = "<group>"; };
		C6A15897CEA8231F9C6C7D1D /* Pods-Britbox.releasestaging.xcconfig */ = {isa = PBXFileReference; includeInIndex = 1; lastKnownFileType = text.xcconfig; name = "Pods-Britbox.releasestaging.xcconfig"; path = "Target Support Files/Pods-Britbox/Pods-Britbox.releasestaging.xcconfig"; sourceTree = "<group>"; };
		CA7A95BA3FD290B4CA45525F /* Pods-Britbox-tvOS.debugstaging.xcconfig */ = {isa = PBXFileReference; includeInIndex = 1; lastKnownFileType = text.xcconfig; name = "Pods-Britbox-tvOS.debugstaging.xcconfig"; path = "Target Support Files/Pods-Britbox-tvOS/Pods-Britbox-tvOS.debugstaging.xcconfig"; sourceTree = "<group>"; };
		CD22690B825EC41E04D57653 /* Pods-Britbox-tvOSTests.debug.xcconfig */ = {isa = PBXFileReference; includeInIndex = 1; lastKnownFileType = text.xcconfig; name = "Pods-Britbox-tvOSTests.debug.xcconfig"; path = "Target Support Files/Pods-Britbox-tvOSTests/Pods-Britbox-tvOSTests.debug.xcconfig"; sourceTree = "<group>"; };
		CD9B83F067F6344B862B3C46 /* libPods-Britbox-tvOSTests.a */ = {isa = PBXFileReference; explicitFileType = archive.ar; includeInIndex = 0; path = "libPods-Britbox-tvOSTests.a"; sourceTree = BUILT_PRODUCTS_DIR; };
		D2B91337100E1CB4B3230395 /* Pods-Britbox-tvOS.debug.xcconfig */ = {isa = PBXFileReference; includeInIndex = 1; lastKnownFileType = text.xcconfig; name = "Pods-Britbox-tvOS.debug.xcconfig"; path = "Target Support Files/Pods-Britbox-tvOS/Pods-Britbox-tvOS.debug.xcconfig"; sourceTree = "<group>"; };
		ED297162215061F000B7C4FE /* JavaScriptCore.framework */ = {isa = PBXFileReference; lastKnownFileType = wrapper.framework; name = JavaScriptCore.framework; path = System/Library/Frameworks/JavaScriptCore.framework; sourceTree = SDKROOT; };
		ED2971642150620600B7C4FE /* JavaScriptCore.framework */ = {isa = PBXFileReference; lastKnownFileType = wrapper.framework; name = JavaScriptCore.framework; path = Platforms/AppleTVOS.platform/Developer/SDKs/AppleTVOS12.0.sdk/System/Library/Frameworks/JavaScriptCore.framework; sourceTree = DEVELOPER_DIR; };
		F0EE911E579BD2C131D702C9 /* Pods-Britbox.debug.xcconfig */ = {isa = PBXFileReference; includeInIndex = 1; lastKnownFileType = text.xcconfig; name = "Pods-Britbox.debug.xcconfig"; path = "Target Support Files/Pods-Britbox/Pods-Britbox.debug.xcconfig"; sourceTree = "<group>"; };
		F72EBA3E27BBD24178F30F88 /* Pods-Britbox.release.xcconfig */ = {isa = PBXFileReference; includeInIndex = 1; lastKnownFileType = text.xcconfig; name = "Pods-Britbox.release.xcconfig"; path = "Target Support Files/Pods-Britbox/Pods-Britbox.release.xcconfig"; sourceTree = "<group>"; };
		FB262D235E87DA05C2F3E1F9 /* Pods-Britbox-tvOSTests.debugstaging.xcconfig */ = {isa = PBXFileReference; includeInIndex = 1; lastKnownFileType = text.xcconfig; name = "Pods-Britbox-tvOSTests.debugstaging.xcconfig"; path = "Target Support Files/Pods-Britbox-tvOSTests/Pods-Britbox-tvOSTests.debugstaging.xcconfig"; sourceTree = "<group>"; };
		FF2FE5C5234D6C3AD68B1B56 /* Pods-Britbox-tvOS.releaseproduction.xcconfig */ = {isa = PBXFileReference; includeInIndex = 1; lastKnownFileType = text.xcconfig; name = "Pods-Britbox-tvOS.releaseproduction.xcconfig"; path = "Target Support Files/Pods-Britbox-tvOS/Pods-Britbox-tvOS.releaseproduction.xcconfig"; sourceTree = "<group>"; };
/* End PBXFileReference section */

/* Begin PBXFrameworksBuildPhase section */
		00E356EB1AD99517003FC87E /* Frameworks */ = {
			isa = PBXFrameworksBuildPhase;
			buildActionMask = 2147483647;
			files = (
				589299F9634350BC0B8B5AA4 /* libPods-Britbox-BritboxTests.a in Frameworks */,
			);
			runOnlyForDeploymentPostprocessing = 0;
		};
		13B07F8C1A680F5B00A75B9A /* Frameworks */ = {
			isa = PBXFrameworksBuildPhase;
			buildActionMask = 2147483647;
			files = (
				BCF03AFD25A35D5500FB140B /* JavaScriptCore.framework in Frameworks */,
				042C9F822548869A00C9B72A /* VideoSubscriberAccount.framework in Frameworks */,
				045B5CEC253F15390061F30D /* Intents.framework in Frameworks */,
				A957AA22251936E700765DCE /* StoreKit.framework in Frameworks */,
				7245967AA03A862C76ABC0E6 /* libPods-Britbox.a in Frameworks */,
			);
			runOnlyForDeploymentPostprocessing = 0;
		};
		2D02E4781E0B4A5D006451C7 /* Frameworks */ = {
			isa = PBXFrameworksBuildPhase;
			buildActionMask = 2147483647;
			files = (
				F3DCED45B76B84730A54813B /* libPods-Britbox-tvOS.a in Frameworks */,
			);
			runOnlyForDeploymentPostprocessing = 0;
		};
		2D02E48D1E0B4A5D006451C7 /* Frameworks */ = {
			isa = PBXFrameworksBuildPhase;
			buildActionMask = 2147483647;
			files = (
				1C05A33B6D89DAEA29595AA6 /* libPods-Britbox-tvOSTests.a in Frameworks */,
			);
			runOnlyForDeploymentPostprocessing = 0;
		};
/* End PBXFrameworksBuildPhase section */

/* Begin PBXGroup section */
		00E356EF1AD99517003FC87E /* BritboxTests */ = {
			isa = PBXGroup;
			children = (
				00E356F21AD99517003FC87E /* BritboxTests.m */,
				00E356F01AD99517003FC87E /* Supporting Files */,
			);
			path = BritboxTests;
			sourceTree = "<group>";
		};
		00E356F01AD99517003FC87E /* Supporting Files */ = {
			isa = PBXGroup;
			children = (
				00E356F11AD99517003FC87E /* Info.plist */,
			);
			name = "Supporting Files";
			sourceTree = "<group>";
		};
		045B5CBA253F10D80061F30D /* AppleTV */ = {
			isa = PBXGroup;
			children = (
				045B5CED253F16B00061F30D /* AppleTVController.h */,
				045B5CEE253F16B00061F30D /* AppleTVController.m */,
			);
			path = AppleTV;
			sourceTree = "<group>";
		};
		13B07FAE1A68108700A75B9A /* Britbox */ = {
			isa = PBXGroup;
			children = (
				045B5CBA253F10D80061F30D /* AppleTV */,
				A957AA23251936ED00765DCE /* Britbox.entitlements */,
				008F07F21AC5B25A0029DE68 /* main.jsbundle */,
				13B07FAF1A68108700A75B9A /* AppDelegate.h */,
				13B07FB01A68108700A75B9A /* AppDelegate.m */,
				13B07FB51A68108700A75B9A /* Images.xcassets */,
				13B07FB61A68108700A75B9A /* Info.plist */,
				81AB9BB72411601600AC10FF /* LaunchScreen.storyboard */,
				13B07FB71A68108700A75B9A /* main.m */,
				A957AA1B251936A400765DCE /* File.swift */,
				A95885BB2553A0A2006713BD /* AppCenter-Config.plist */,
			);
			name = Britbox;
			sourceTree = "<group>";
		};
		1B7042197F75B998C71CD448 /* Pods */ = {
			isa = PBXGroup;
			children = (
				C263FDF3FD02CCC59E4F6332 /* Pods-Britbox.debugstaging.xcconfig */,
				F0EE911E579BD2C131D702C9 /* Pods-Britbox.debug.xcconfig */,
				1650C729761E278826C9B7BA /* Pods-Britbox.debugproduction.xcconfig */,
				C6A15897CEA8231F9C6C7D1D /* Pods-Britbox.releasestaging.xcconfig */,
				F72EBA3E27BBD24178F30F88 /* Pods-Britbox.release.xcconfig */,
				92EAF93D37EAD1E9396696F4 /* Pods-Britbox.releaseproduction.xcconfig */,
				2007A3D80231DB89D0DEE091 /* Pods-Britbox-BritboxTests.debugstaging.xcconfig */,
				C181795586A793218A1DB2F8 /* Pods-Britbox-BritboxTests.debug.xcconfig */,
				97F7D9FD90473DA6DAEA76C5 /* Pods-Britbox-BritboxTests.debugproduction.xcconfig */,
				4832EF2C1D5297ABBA6A9E77 /* Pods-Britbox-BritboxTests.releasestaging.xcconfig */,
				BE6BE6C1CFADB314A2B83C84 /* Pods-Britbox-BritboxTests.release.xcconfig */,
				2A7B3BEDD025C1AA619A12B5 /* Pods-Britbox-BritboxTests.releaseproduction.xcconfig */,
				CA7A95BA3FD290B4CA45525F /* Pods-Britbox-tvOS.debugstaging.xcconfig */,
				D2B91337100E1CB4B3230395 /* Pods-Britbox-tvOS.debug.xcconfig */,
				827631C811E1646C410EB803 /* Pods-Britbox-tvOS.debugproduction.xcconfig */,
				1D845FE487EB0436BFE4BB99 /* Pods-Britbox-tvOS.releasestaging.xcconfig */,
				2609B2419461587409AD08FF /* Pods-Britbox-tvOS.release.xcconfig */,
				FF2FE5C5234D6C3AD68B1B56 /* Pods-Britbox-tvOS.releaseproduction.xcconfig */,
				FB262D235E87DA05C2F3E1F9 /* Pods-Britbox-tvOSTests.debugstaging.xcconfig */,
				CD22690B825EC41E04D57653 /* Pods-Britbox-tvOSTests.debug.xcconfig */,
				AF0B0B2D5F7E3822BD060737 /* Pods-Britbox-tvOSTests.debugproduction.xcconfig */,
				AB80DCBAD7EE37D5335F4FEE /* Pods-Britbox-tvOSTests.releasestaging.xcconfig */,
				9D3640F70FE243F577C57DD6 /* Pods-Britbox-tvOSTests.release.xcconfig */,
				A3C38197917A5C829B72C13E /* Pods-Britbox-tvOSTests.releaseproduction.xcconfig */,
			);
			path = Pods;
			sourceTree = "<group>";
		};
		2D16E6871FA4F8E400B85C8A /* Frameworks */ = {
			isa = PBXGroup;
			children = (
				BCF03DA625A3651D00FB140B /* RCTView+SafeAreaCompat.h */,
				BCF03DA025A3651D00FB140B /* RCTView+SafeAreaCompat.m */,
				BCF03DAC25A3651D00FB140B /* RNCSafeAreaProvider.h */,
				BCF03DA725A3651D00FB140B /* RNCSafeAreaProvider.m */,
				BCF03DA525A3651D00FB140B /* RNCSafeAreaProviderManager.h */,
				BCF03DA325A3651D00FB140B /* RNCSafeAreaProviderManager.m */,
				BCF03DA425A3651D00FB140B /* RNCSafeAreaShadowView.h */,
				BCF03D9F25A3651D00FB140B /* RNCSafeAreaShadowView.m */,
				BCF03DA225A3651D00FB140B /* RNCSafeAreaView.h */,
				BCF03D9D25A3651D00FB140B /* RNCSafeAreaView.m */,
				BCF03DA825A3651D00FB140B /* RNCSafeAreaViewEdges.h */,
				BCF03DA925A3651D00FB140B /* RNCSafeAreaViewEdges.m */,
				BCF03DAD25A3651D00FB140B /* RNCSafeAreaViewLocalData.h */,
				BCF03DA125A3651D00FB140B /* RNCSafeAreaViewLocalData.m */,
				BCF03DAA25A3651D00FB140B /* RNCSafeAreaViewManager.h */,
				BCF03D9E25A3651D00FB140B /* RNCSafeAreaViewManager.m */,
				BCF03DAE25A3651E00FB140B /* RNCSafeAreaViewMode.h */,
				BCF03DAB25A3651D00FB140B /* RNCSafeAreaViewMode.m */,
				BCF03D9325A364F900FB140B /* lib */,
				042C9F812548869A00C9B72A /* VideoSubscriberAccount.framework */,
				045B5CEB253F15390061F30D /* Intents.framework */,
				A9EA1A2B252AB32200E25505 /* libYogaKit.a */,
				A957AA21251936E700765DCE /* StoreKit.framework */,
				ED297162215061F000B7C4FE /* JavaScriptCore.framework */,
				ED2971642150620600B7C4FE /* JavaScriptCore.framework */,
				7252597749B0E6322B6BE4FD /* libPods-Britbox.a */,
				51F4DEBCB8734AA3C0279F71 /* libPods-Britbox-BritboxTests.a */,
				90D8EB20CA6CE83B32A0B663 /* libPods-Britbox-tvOS.a */,
				CD9B83F067F6344B862B3C46 /* libPods-Britbox-tvOSTests.a */,
			);
			name = Frameworks;
			sourceTree = "<group>";
		};
		832341AE1AAA6A7D00B99B32 /* Libraries */ = {
			isa = PBXGroup;
			children = (
			);
			name = Libraries;
			sourceTree = "<group>";
		};
		83CBB9F61A601CBA00E9B192 = {
			isa = PBXGroup;
			children = (
				BCA6CD4425A79CA6003B9F9E /* File.swift */,
				13B07FAE1A68108700A75B9A /* Britbox */,
				832341AE1AAA6A7D00B99B32 /* Libraries */,
				00E356EF1AD99517003FC87E /* BritboxTests */,
				83CBBA001A601CBA00E9B192 /* Products */,
				2D16E6871FA4F8E400B85C8A /* Frameworks */,
				1B7042197F75B998C71CD448 /* Pods */,
				A957AA152519350100765DCE /* Resources */,
				BCA6CD4325A79CA6003B9F9E /* Britbox-Bridging-Header.h */,
			);
			indentWidth = 2;
			sourceTree = "<group>";
			tabWidth = 2;
			usesTabs = 0;
		};
		83CBBA001A601CBA00E9B192 /* Products */ = {
			isa = PBXGroup;
			children = (
				13B07F961A680F5B00A75B9A /* Britbox.app */,
				00E356EE1AD99517003FC87E /* BritboxTests.xctest */,
				2D02E47B1E0B4A5D006451C7 /* Britbox-tvOS.app */,
				2D02E4901E0B4A5D006451C7 /* Britbox-tvOSTests.xctest */,
			);
			name = Products;
			sourceTree = "<group>";
		};
		A957AA152519350100765DCE /* Resources */ = {
			isa = PBXGroup;
			children = (
				A957AA08251934F800765DCE /* MuseoSans-100.ttf */,
				A957AA0B251934F800765DCE /* MuseoSans-300.ttf */,
				A957AA0A251934F800765DCE /* MuseoSans-500.ttf */,
				A957AA09251934F800765DCE /* MuseoSans-700.ttf */,
				A957AA07251934F800765DCE /* MuseoSans-900.ttf */,
			);
			path = Resources;
			sourceTree = "<group>";
		};
/* End PBXGroup section */

/* Begin PBXNativeTarget section */
		00E356ED1AD99517003FC87E /* BritboxTests */ = {
			isa = PBXNativeTarget;
			buildConfigurationList = 00E357021AD99517003FC87E /* Build configuration list for PBXNativeTarget "BritboxTests" */;
			buildPhases = (
				9B14E3CC67A72B7B6E9783A3 /* [CP] Check Pods Manifest.lock */,
				00E356EA1AD99517003FC87E /* Sources */,
				00E356EB1AD99517003FC87E /* Frameworks */,
				00E356EC1AD99517003FC87E /* Resources */,
				5E28850A09D3B07BAC712A68 /* [CP] Copy Pods Resources */,
			);
			buildRules = (
			);
			dependencies = (
				00E356F51AD99517003FC87E /* PBXTargetDependency */,
			);
			name = BritboxTests;
			productName = BritboxTests;
			productReference = 00E356EE1AD99517003FC87E /* BritboxTests.xctest */;
			productType = "com.apple.product-type.bundle.unit-test";
		};
		13B07F861A680F5B00A75B9A /* Britbox */ = {
			isa = PBXNativeTarget;
			buildConfigurationList = 13B07F931A680F5B00A75B9A /* Build configuration list for PBXNativeTarget "Britbox" */;
			buildPhases = (
				95D8D2C80DC61E128742992C /* [CP] Check Pods Manifest.lock */,
				FD10A7F022414F080027D42C /* Start Packager */,
				13B07F871A680F5B00A75B9A /* Sources */,
				13B07F8C1A680F5B00A75B9A /* Frameworks */,
				13B07F8E1A680F5B00A75B9A /* Resources */,
				00DD1BFF1BD5951E006B06BC /* Bundle React Native code and images */,
				747C0CB3F1009888D872D804 /* [CP] Copy Pods Resources */,
			);
			buildRules = (
			);
			dependencies = (
			);
			name = Britbox;
			productName = Britbox;
			productReference = 13B07F961A680F5B00A75B9A /* Britbox.app */;
			productType = "com.apple.product-type.application";
		};
		2D02E47A1E0B4A5D006451C7 /* Britbox-tvOS */ = {
			isa = PBXNativeTarget;
			buildConfigurationList = 2D02E4BA1E0B4A5E006451C7 /* Build configuration list for PBXNativeTarget "Britbox-tvOS" */;
			buildPhases = (
				61E6DAFECBD13EB7E9508E57 /* [CP] Check Pods Manifest.lock */,
				FD10A7F122414F3F0027D42C /* Start Packager */,
				2D02E4771E0B4A5D006451C7 /* Sources */,
				2D02E4781E0B4A5D006451C7 /* Frameworks */,
				2D02E4791E0B4A5D006451C7 /* Resources */,
				2D02E4CB1E0B4B27006451C7 /* Bundle React Native Code And Images */,
				317F979D6306F4E8BA75F1F9 /* [CP] Copy Pods Resources */,
			);
			buildRules = (
			);
			dependencies = (
			);
			name = "Britbox-tvOS";
			productName = "Britbox-tvOS";
			productReference = 2D02E47B1E0B4A5D006451C7 /* Britbox-tvOS.app */;
			productType = "com.apple.product-type.application";
		};
		2D02E48F1E0B4A5D006451C7 /* Britbox-tvOSTests */ = {
			isa = PBXNativeTarget;
			buildConfigurationList = 2D02E4BB1E0B4A5E006451C7 /* Build configuration list for PBXNativeTarget "Britbox-tvOSTests" */;
			buildPhases = (
				18494113181BBE75A1771195 /* [CP] Check Pods Manifest.lock */,
				2D02E48C1E0B4A5D006451C7 /* Sources */,
				2D02E48D1E0B4A5D006451C7 /* Frameworks */,
				2D02E48E1E0B4A5D006451C7 /* Resources */,
			);
			buildRules = (
			);
			dependencies = (
				2D02E4921E0B4A5D006451C7 /* PBXTargetDependency */,
			);
			name = "Britbox-tvOSTests";
			productName = "Britbox-tvOSTests";
			productReference = 2D02E4901E0B4A5D006451C7 /* Britbox-tvOSTests.xctest */;
			productType = "com.apple.product-type.bundle.unit-test";
		};
/* End PBXNativeTarget section */

/* Begin PBXProject section */
		83CBB9F71A601CBA00E9B192 /* Project object */ = {
			isa = PBXProject;
			attributes = {
				LastUpgradeCheck = 1130;
				TargetAttributes = {
					00E356ED1AD99517003FC87E = {
						CreatedOnToolsVersion = 6.2;
						TestTargetID = 13B07F861A680F5B00A75B9A;
					};
					13B07F861A680F5B00A75B9A = {
						DevelopmentTeam = 99MS4LGK4X;
						LastSwiftMigration = 1230;
						ProvisioningStyle = Manual;
					};
					2D02E47A1E0B4A5D006451C7 = {
						CreatedOnToolsVersion = 8.2.1;
						ProvisioningStyle = Automatic;
					};
					2D02E48F1E0B4A5D006451C7 = {
						CreatedOnToolsVersion = 8.2.1;
						ProvisioningStyle = Automatic;
						TestTargetID = 2D02E47A1E0B4A5D006451C7;
					};
				};
			};
			buildConfigurationList = 83CBB9FA1A601CBA00E9B192 /* Build configuration list for PBXProject "Britbox" */;
			compatibilityVersion = "Xcode 3.2";
			developmentRegion = en;
			hasScannedForEncodings = 0;
			knownRegions = (
				en,
				Base,
			);
			mainGroup = 83CBB9F61A601CBA00E9B192;
			productRefGroup = 83CBBA001A601CBA00E9B192 /* Products */;
			projectDirPath = "";
			projectRoot = "";
			targets = (
				13B07F861A680F5B00A75B9A /* Britbox */,
				00E356ED1AD99517003FC87E /* BritboxTests */,
				2D02E47A1E0B4A5D006451C7 /* Britbox-tvOS */,
				2D02E48F1E0B4A5D006451C7 /* Britbox-tvOSTests */,
			);
		};
/* End PBXProject section */

/* Begin PBXResourcesBuildPhase section */
		00E356EC1AD99517003FC87E /* Resources */ = {
			isa = PBXResourcesBuildPhase;
			buildActionMask = 2147483647;
			files = (
			);
			runOnlyForDeploymentPostprocessing = 0;
		};
		13B07F8E1A680F5B00A75B9A /* Resources */ = {
			isa = PBXResourcesBuildPhase;
			buildActionMask = 2147483647;
			files = (
				A957AA0C251934F800765DCE /* MuseoSans-900.ttf in Resources */,
				A957AA0D251934F800765DCE /* MuseoSans-100.ttf in Resources */,
				A957AA0E251934F800765DCE /* MuseoSans-700.ttf in Resources */,
				A957AA0F251934F800765DCE /* MuseoSans-500.ttf in Resources */,
				A957AA10251934F800765DCE /* MuseoSans-300.ttf in Resources */,
				A95885BC2553A0A2006713BD /* AppCenter-Config.plist in Resources */,
				81AB9BB82411601600AC10FF /* LaunchScreen.storyboard in Resources */,
				13B07FBF1A68108700A75B9A /* Images.xcassets in Resources */,
			);
			runOnlyForDeploymentPostprocessing = 0;
		};
		2D02E4791E0B4A5D006451C7 /* Resources */ = {
			isa = PBXResourcesBuildPhase;
			buildActionMask = 2147483647;
			files = (
				2D02E4BD1E0B4A84006451C7 /* Images.xcassets in Resources */,
			);
			runOnlyForDeploymentPostprocessing = 0;
		};
		2D02E48E1E0B4A5D006451C7 /* Resources */ = {
			isa = PBXResourcesBuildPhase;
			buildActionMask = 2147483647;
			files = (
			);
			runOnlyForDeploymentPostprocessing = 0;
		};
/* End PBXResourcesBuildPhase section */

/* Begin PBXShellScriptBuildPhase section */
		00DD1BFF1BD5951E006B06BC /* Bundle React Native code and images */ = {
			isa = PBXShellScriptBuildPhase;
			buildActionMask = 2147483647;
			files = (
			);
			inputPaths = (
			);
			name = "Bundle React Native code and images";
			outputPaths = (
			);
			runOnlyForDeploymentPostprocessing = 0;
			shellPath = /bin/sh;
			shellScript = "export NODE_BINARY=node\n../node_modules/react-native/scripts/react-native-xcode.sh";
		};
		18494113181BBE75A1771195 /* [CP] Check Pods Manifest.lock */ = {
			isa = PBXShellScriptBuildPhase;
			buildActionMask = 2147483647;
			files = (
			);
			inputFileListPaths = (
			);
			inputPaths = (
				"${PODS_PODFILE_DIR_PATH}/Podfile.lock",
				"${PODS_ROOT}/Manifest.lock",
			);
			name = "[CP] Check Pods Manifest.lock";
			outputFileListPaths = (
			);
			outputPaths = (
				"$(DERIVED_FILE_DIR)/Pods-Britbox-tvOSTests-checkManifestLockResult.txt",
			);
			runOnlyForDeploymentPostprocessing = 0;
			shellPath = /bin/sh;
			shellScript = "diff \"${PODS_PODFILE_DIR_PATH}/Podfile.lock\" \"${PODS_ROOT}/Manifest.lock\" > /dev/null\nif [ $? != 0 ] ; then\n    # print error to STDERR\n    echo \"error: The sandbox is not in sync with the Podfile.lock. Run 'pod install' or update your CocoaPods installation.\" >&2\n    exit 1\nfi\n# This output is used by Xcode 'outputs' to avoid re-running this script phase.\necho \"SUCCESS\" > \"${SCRIPT_OUTPUT_FILE_0}\"\n";
			showEnvVarsInLog = 0;
		};
		2D02E4CB1E0B4B27006451C7 /* Bundle React Native Code And Images */ = {
			isa = PBXShellScriptBuildPhase;
			buildActionMask = 2147483647;
			files = (
			);
			inputPaths = (
			);
			name = "Bundle React Native Code And Images";
			outputPaths = (
			);
			runOnlyForDeploymentPostprocessing = 0;
			shellPath = /bin/sh;
			shellScript = "export NODE_BINARY=node\n../node_modules/react-native/scripts/react-native-xcode.sh";
		};
		317F979D6306F4E8BA75F1F9 /* [CP] Copy Pods Resources */ = {
			isa = PBXShellScriptBuildPhase;
			buildActionMask = 2147483647;
			files = (
			);
			inputPaths = (
				"${PODS_ROOT}/Target Support Files/Pods-Britbox-tvOS/Pods-Britbox-tvOS-resources.sh",
				"${PODS_CONFIGURATION_BUILD_DIR}/React-Core/AccessibilityResources.bundle",
			);
			name = "[CP] Copy Pods Resources";
			outputPaths = (
				"${TARGET_BUILD_DIR}/${UNLOCALIZED_RESOURCES_FOLDER_PATH}/AccessibilityResources.bundle",
			);
			runOnlyForDeploymentPostprocessing = 0;
			shellPath = /bin/sh;
			shellScript = "\"${PODS_ROOT}/Target Support Files/Pods-Britbox-tvOS/Pods-Britbox-tvOS-resources.sh\"\n";
			showEnvVarsInLog = 0;
		};
		5E28850A09D3B07BAC712A68 /* [CP] Copy Pods Resources */ = {
			isa = PBXShellScriptBuildPhase;
			buildActionMask = 2147483647;
			files = (
			);
			inputPaths = (
				"${PODS_ROOT}/Target Support Files/Pods-Britbox-BritboxTests/Pods-Britbox-BritboxTests-resources.sh",
				"${PODS_CONFIGURATION_BUILD_DIR}/React-Core/AccessibilityResources.bundle",
			);
			name = "[CP] Copy Pods Resources";
			outputPaths = (
				"${TARGET_BUILD_DIR}/${UNLOCALIZED_RESOURCES_FOLDER_PATH}/AccessibilityResources.bundle",
			);
			runOnlyForDeploymentPostprocessing = 0;
			shellPath = /bin/sh;
			shellScript = "\"${PODS_ROOT}/Target Support Files/Pods-Britbox-BritboxTests/Pods-Britbox-BritboxTests-resources.sh\"\n";
			showEnvVarsInLog = 0;
		};
		61E6DAFECBD13EB7E9508E57 /* [CP] Check Pods Manifest.lock */ = {
			isa = PBXShellScriptBuildPhase;
			buildActionMask = 2147483647;
			files = (
			);
			inputFileListPaths = (
			);
			inputPaths = (
				"${PODS_PODFILE_DIR_PATH}/Podfile.lock",
				"${PODS_ROOT}/Manifest.lock",
			);
			name = "[CP] Check Pods Manifest.lock";
			outputFileListPaths = (
			);
			outputPaths = (
				"$(DERIVED_FILE_DIR)/Pods-Britbox-tvOS-checkManifestLockResult.txt",
			);
			runOnlyForDeploymentPostprocessing = 0;
			shellPath = /bin/sh;
			shellScript = "diff \"${PODS_PODFILE_DIR_PATH}/Podfile.lock\" \"${PODS_ROOT}/Manifest.lock\" > /dev/null\nif [ $? != 0 ] ; then\n    # print error to STDERR\n    echo \"error: The sandbox is not in sync with the Podfile.lock. Run 'pod install' or update your CocoaPods installation.\" >&2\n    exit 1\nfi\n# This output is used by Xcode 'outputs' to avoid re-running this script phase.\necho \"SUCCESS\" > \"${SCRIPT_OUTPUT_FILE_0}\"\n";
			showEnvVarsInLog = 0;
		};
		747C0CB3F1009888D872D804 /* [CP] Copy Pods Resources */ = {
			isa = PBXShellScriptBuildPhase;
			buildActionMask = 2147483647;
			files = (
			);
			inputPaths = (
				"${PODS_ROOT}/Target Support Files/Pods-Britbox/Pods-Britbox-resources.sh",
				"${PODS_CONFIGURATION_BUILD_DIR}/React-Core/AccessibilityResources.bundle",
			);
			name = "[CP] Copy Pods Resources";
			outputPaths = (
				"${TARGET_BUILD_DIR}/${UNLOCALIZED_RESOURCES_FOLDER_PATH}/AccessibilityResources.bundle",
			);
			runOnlyForDeploymentPostprocessing = 0;
			shellPath = /bin/sh;
			shellScript = "\"${PODS_ROOT}/Target Support Files/Pods-Britbox/Pods-Britbox-resources.sh\"\n";
			showEnvVarsInLog = 0;
		};
		95D8D2C80DC61E128742992C /* [CP] Check Pods Manifest.lock */ = {
			isa = PBXShellScriptBuildPhase;
			buildActionMask = 2147483647;
			files = (
			);
			inputFileListPaths = (
			);
			inputPaths = (
				"${PODS_PODFILE_DIR_PATH}/Podfile.lock",
				"${PODS_ROOT}/Manifest.lock",
			);
			name = "[CP] Check Pods Manifest.lock";
			outputFileListPaths = (
			);
			outputPaths = (
				"$(DERIVED_FILE_DIR)/Pods-Britbox-checkManifestLockResult.txt",
			);
			runOnlyForDeploymentPostprocessing = 0;
			shellPath = /bin/sh;
			shellScript = "diff \"${PODS_PODFILE_DIR_PATH}/Podfile.lock\" \"${PODS_ROOT}/Manifest.lock\" > /dev/null\nif [ $? != 0 ] ; then\n    # print error to STDERR\n    echo \"error: The sandbox is not in sync with the Podfile.lock. Run 'pod install' or update your CocoaPods installation.\" >&2\n    exit 1\nfi\n# This output is used by Xcode 'outputs' to avoid re-running this script phase.\necho \"SUCCESS\" > \"${SCRIPT_OUTPUT_FILE_0}\"\n";
			showEnvVarsInLog = 0;
		};
		9B14E3CC67A72B7B6E9783A3 /* [CP] Check Pods Manifest.lock */ = {
			isa = PBXShellScriptBuildPhase;
			buildActionMask = 2147483647;
			files = (
			);
			inputFileListPaths = (
			);
			inputPaths = (
				"${PODS_PODFILE_DIR_PATH}/Podfile.lock",
				"${PODS_ROOT}/Manifest.lock",
			);
			name = "[CP] Check Pods Manifest.lock";
			outputFileListPaths = (
			);
			outputPaths = (
				"$(DERIVED_FILE_DIR)/Pods-Britbox-BritboxTests-checkManifestLockResult.txt",
			);
			runOnlyForDeploymentPostprocessing = 0;
			shellPath = /bin/sh;
			shellScript = "diff \"${PODS_PODFILE_DIR_PATH}/Podfile.lock\" \"${PODS_ROOT}/Manifest.lock\" > /dev/null\nif [ $? != 0 ] ; then\n    # print error to STDERR\n    echo \"error: The sandbox is not in sync with the Podfile.lock. Run 'pod install' or update your CocoaPods installation.\" >&2\n    exit 1\nfi\n# This output is used by Xcode 'outputs' to avoid re-running this script phase.\necho \"SUCCESS\" > \"${SCRIPT_OUTPUT_FILE_0}\"\n";
			showEnvVarsInLog = 0;
		};
		FD10A7F022414F080027D42C /* Start Packager */ = {
			isa = PBXShellScriptBuildPhase;
			buildActionMask = 2147483647;
			files = (
			);
			inputFileListPaths = (
			);
			inputPaths = (
			);
			name = "Start Packager";
			outputFileListPaths = (
			);
			outputPaths = (
			);
			runOnlyForDeploymentPostprocessing = 0;
			shellPath = /bin/sh;
			shellScript = "export RCT_METRO_PORT=\"${RCT_METRO_PORT:=8081}\"\necho \"export RCT_METRO_PORT=${RCT_METRO_PORT}\" > \"${SRCROOT}/../node_modules/react-native/scripts/.packager.env\"\nif [ -z \"${RCT_NO_LAUNCH_PACKAGER+xxx}\" ] ; then\n  if nc -w 5 -z localhost ${RCT_METRO_PORT} ; then\n    if ! curl -s \"http://localhost:${RCT_METRO_PORT}/status\" | grep -q \"packager-status:running\" ; then\n      echo \"Port ${RCT_METRO_PORT} already in use, packager is either not running or not running correctly\"\n      exit 2\n    fi\n  else\n    open \"$SRCROOT/../node_modules/react-native/scripts/launchPackager.command\" || echo \"Can't start packager automatically\"\n  fi\nfi\n";
			showEnvVarsInLog = 0;
		};
		FD10A7F122414F3F0027D42C /* Start Packager */ = {
			isa = PBXShellScriptBuildPhase;
			buildActionMask = 2147483647;
			files = (
			);
			inputFileListPaths = (
			);
			inputPaths = (
			);
			name = "Start Packager";
			outputFileListPaths = (
			);
			outputPaths = (
			);
			runOnlyForDeploymentPostprocessing = 0;
			shellPath = /bin/sh;
			shellScript = "export RCT_METRO_PORT=\"${RCT_METRO_PORT:=8081}\"\necho \"export RCT_METRO_PORT=${RCT_METRO_PORT}\" > \"${SRCROOT}/../node_modules/react-native/scripts/.packager.env\"\nif [ -z \"${RCT_NO_LAUNCH_PACKAGER+xxx}\" ] ; then\n  if nc -w 5 -z localhost ${RCT_METRO_PORT} ; then\n    if ! curl -s \"http://localhost:${RCT_METRO_PORT}/status\" | grep -q \"packager-status:running\" ; then\n      echo \"Port ${RCT_METRO_PORT} already in use, packager is either not running or not running correctly\"\n      exit 2\n    fi\n  else\n    open \"$SRCROOT/../node_modules/react-native/scripts/launchPackager.command\" || echo \"Can't start packager automatically\"\n  fi\nfi\n";
			showEnvVarsInLog = 0;
		};
/* End PBXShellScriptBuildPhase section */

/* Begin PBXSourcesBuildPhase section */
		00E356EA1AD99517003FC87E /* Sources */ = {
			isa = PBXSourcesBuildPhase;
			buildActionMask = 2147483647;
			files = (
				00E356F31AD99517003FC87E /* BritboxTests.m in Sources */,
			);
			runOnlyForDeploymentPostprocessing = 0;
		};
		13B07F871A680F5B00A75B9A /* Sources */ = {
			isa = PBXSourcesBuildPhase;
			buildActionMask = 2147483647;
			files = (
				BCA6CD4525A79CA6003B9F9E /* File.swift in Sources */,
				13B07FBC1A68108700A75B9A /* AppDelegate.m in Sources */,
				A957AA1C251936A400765DCE /* File.swift in Sources */,
				13B07FC11A68108700A75B9A /* main.m in Sources */,
				045B5CEF253F16B00061F30D /* AppleTVController.m in Sources */,
			);
			runOnlyForDeploymentPostprocessing = 0;
		};
		2D02E4771E0B4A5D006451C7 /* Sources */ = {
			isa = PBXSourcesBuildPhase;
			buildActionMask = 2147483647;
			files = (
				2D02E4BF1E0B4AB3006451C7 /* main.m in Sources */,
				2D02E4BC1E0B4A80006451C7 /* AppDelegate.m in Sources */,
			);
			runOnlyForDeploymentPostprocessing = 0;
		};
		2D02E48C1E0B4A5D006451C7 /* Sources */ = {
			isa = PBXSourcesBuildPhase;
			buildActionMask = 2147483647;
			files = (
				2DCD954D1E0B4F2C00145EB5 /* BritboxTests.m in Sources */,
			);
			runOnlyForDeploymentPostprocessing = 0;
		};
/* End PBXSourcesBuildPhase section */

/* Begin PBXTargetDependency section */
		00E356F51AD99517003FC87E /* PBXTargetDependency */ = {
			isa = PBXTargetDependency;
			target = 13B07F861A680F5B00A75B9A /* Britbox */;
			targetProxy = 00E356F41AD99517003FC87E /* PBXContainerItemProxy */;
		};
		2D02E4921E0B4A5D006451C7 /* PBXTargetDependency */ = {
			isa = PBXTargetDependency;
			target = 2D02E47A1E0B4A5D006451C7 /* Britbox-tvOS */;
			targetProxy = 2D02E4911E0B4A5D006451C7 /* PBXContainerItemProxy */;
		};
/* End PBXTargetDependency section */

/* Begin XCBuildConfiguration section */
		00E356F61AD99517003FC87E /* DebugStaging */ = {
			isa = XCBuildConfiguration;
			baseConfigurationReference = 2007A3D80231DB89D0DEE091 /* Pods-Britbox-BritboxTests.debugstaging.xcconfig */;
			buildSettings = {
				ALWAYS_EMBED_SWIFT_STANDARD_LIBRARIES = YES;
				BUNDLE_LOADER = "$(TEST_HOST)";
				GCC_PREPROCESSOR_DEFINITIONS = (
					"DEBUG=1",
					"$(inherited)",
				);
				INFOPLIST_FILE = BritboxTests/Info.plist;
				IPHONEOS_DEPLOYMENT_TARGET = 10.0;
				LD_RUNPATH_SEARCH_PATHS = "$(inherited) @executable_path/Frameworks @loader_path/Frameworks";
				OTHER_LDFLAGS = (
					"-ObjC",
					"-lc++",
					"$(inherited)",
				);
				PRODUCT_BUNDLE_IDENTIFIER = "org.reactjs.native.example.$(PRODUCT_NAME:rfc1034identifier)";
				PRODUCT_NAME = "$(TARGET_NAME)";
				TEST_HOST = "$(BUILT_PRODUCTS_DIR)/Britbox.app/Britbox";
			};
			name = DebugStaging;
		};
		00E356F71AD99517003FC87E /* ReleaseStaging */ = {
			isa = XCBuildConfiguration;
			baseConfigurationReference = 4832EF2C1D5297ABBA6A9E77 /* Pods-Britbox-BritboxTests.releasestaging.xcconfig */;
			buildSettings = {
				ALWAYS_EMBED_SWIFT_STANDARD_LIBRARIES = YES;
				BUNDLE_LOADER = "$(TEST_HOST)";
				COPY_PHASE_STRIP = NO;
				INFOPLIST_FILE = BritboxTests/Info.plist;
				IPHONEOS_DEPLOYMENT_TARGET = 10.0;
				LD_RUNPATH_SEARCH_PATHS = "$(inherited) @executable_path/Frameworks @loader_path/Frameworks";
				OTHER_LDFLAGS = (
					"-ObjC",
					"-lc++",
					"$(inherited)",
				);
				PRODUCT_BUNDLE_IDENTIFIER = "org.reactjs.native.example.$(PRODUCT_NAME:rfc1034identifier)";
				PRODUCT_NAME = "$(TARGET_NAME)";
				TEST_HOST = "$(BUILT_PRODUCTS_DIR)/Britbox.app/Britbox";
			};
			name = ReleaseStaging;
		};
		13B07F941A680F5B00A75B9A /* DebugStaging */ = {
			isa = XCBuildConfiguration;
			baseConfigurationReference = C263FDF3FD02CCC59E4F6332 /* Pods-Britbox.debugstaging.xcconfig */;
			buildSettings = {
				ASSETCATALOG_COMPILER_APPICON_NAME = "AppIcon${BUNDLE_ID_SUFFIX}";
				BUNDLE_ID_SUFFIX = .staging;
				CLANG_ENABLE_MODULES = YES;
				CODE_SIGN_ENTITLEMENTS = Britbox/Britbox.entitlements;
				CODE_SIGN_IDENTITY = "iPhone Developer";
				CODE_SIGN_STYLE = Manual;
				CURRENT_PROJECT_VERSION = 37;
				DEVELOPMENT_TEAM = 99MS4LGK4X;
				ENABLE_BITCODE = NO;
				GCC_PREPROCESSOR_DEFINITIONS = (
					"$(inherited)",
					"COCOAPODS=1",
					"$(inherited)",
					"GPB_USE_PROTOBUF_FRAMEWORK_IMPORTS=1",
					"$(inherited)",
					"SD_WEBP=1",
					"FB_SONARKIT_ENABLED=1",
				);
				INFOPLIST_FILE = Britbox/Info.plist;
				LD_RUNPATH_SEARCH_PATHS = "$(inherited) @executable_path/Frameworks";
				MARKETING_VERSION = 2.0.2;
				OTHER_LDFLAGS = (
					"$(inherited)",
					"-ObjC",
					"-lc++",
				);
				PRODUCT_BUNDLE_IDENTIFIER = com.britbox.us.staging;
				PRODUCT_NAME = Britbox;
				PROVISIONING_PROFILE_SPECIFIER = "iOS Development Al - Staging";
				SWIFT_OBJC_BRIDGING_HEADER = "Britbox-Bridging-Header.h";
				SWIFT_OPTIMIZATION_LEVEL = "-Onone";
				SWIFT_VERSION = 5.0;
				TARGETED_DEVICE_FAMILY = "1,2";
				VERSIONING_SYSTEM = "apple-generic";
			};
			name = DebugStaging;
		};
		13B07F951A680F5B00A75B9A /* ReleaseStaging */ = {
			isa = XCBuildConfiguration;
			baseConfigurationReference = C6A15897CEA8231F9C6C7D1D /* Pods-Britbox.releasestaging.xcconfig */;
			buildSettings = {
				ASSETCATALOG_COMPILER_APPICON_NAME = "AppIcon${BUNDLE_ID_SUFFIX}";
				BUNDLE_ID_SUFFIX = .staging;
				CLANG_ENABLE_MODULES = YES;
				CODE_SIGN_ENTITLEMENTS = Britbox/Britbox.entitlements;
				CODE_SIGN_IDENTITY = "iPhone Developer";
				CODE_SIGN_STYLE = Manual;
				CURRENT_PROJECT_VERSION = 37;
				DEVELOPMENT_TEAM = 99MS4LGK4X;
				GCC_PREPROCESSOR_DEFINITIONS = (
					"$(inherited)",
					"COCOAPODS=1",
					"$(inherited)",
					"GPB_USE_PROTOBUF_FRAMEWORK_IMPORTS=1",
					"$(inherited)",
					"SD_WEBP=1",
				);
				INFOPLIST_FILE = Britbox/Info.plist;
				LD_RUNPATH_SEARCH_PATHS = "$(inherited) @executable_path/Frameworks";
				MARKETING_VERSION = 2.0.2;
				OTHER_LDFLAGS = (
					"$(inherited)",
					"-ObjC",
					"-lc++",
				);
				PRODUCT_BUNDLE_IDENTIFIER = com.britbox.us.staging;
				PRODUCT_NAME = Britbox;
				PROVISIONING_PROFILE_SPECIFIER = "iOS Development Al - Staging";
				SWIFT_OBJC_BRIDGING_HEADER = "Britbox-Bridging-Header.h";
				SWIFT_VERSION = 5.0;
				TARGETED_DEVICE_FAMILY = "1,2";
				VERSIONING_SYSTEM = "apple-generic";
			};
			name = ReleaseStaging;
		};
		2D02E4971E0B4A5E006451C7 /* DebugStaging */ = {
			isa = XCBuildConfiguration;
			baseConfigurationReference = CA7A95BA3FD290B4CA45525F /* Pods-Britbox-tvOS.debugstaging.xcconfig */;
			buildSettings = {
				ASSETCATALOG_COMPILER_APPICON_NAME = "App Icon & Top Shelf Image";
				ASSETCATALOG_COMPILER_LAUNCHIMAGE_NAME = LaunchImage;
				CLANG_ANALYZER_NONNULL = YES;
				CLANG_WARN_DOCUMENTATION_COMMENTS = YES;
				CLANG_WARN_INFINITE_RECURSION = YES;
				CLANG_WARN_SUSPICIOUS_MOVE = YES;
				DEBUG_INFORMATION_FORMAT = dwarf;
				ENABLE_TESTABILITY = YES;
				GCC_NO_COMMON_BLOCKS = YES;
				INFOPLIST_FILE = "Britbox-tvOS/Info.plist";
				LD_RUNPATH_SEARCH_PATHS = "$(inherited) @executable_path/Frameworks";
				OTHER_LDFLAGS = (
					"$(inherited)",
					"-ObjC",
					"-lc++",
				);
				PRODUCT_BUNDLE_IDENTIFIER = "org.reactjs.native.example.Britbox-tvOS";
				PRODUCT_NAME = "$(TARGET_NAME)";
				SDKROOT = appletvos;
				TARGETED_DEVICE_FAMILY = 3;
				TVOS_DEPLOYMENT_TARGET = 10.0;
			};
			name = DebugStaging;
		};
		2D02E4981E0B4A5E006451C7 /* ReleaseStaging */ = {
			isa = XCBuildConfiguration;
			baseConfigurationReference = 1D845FE487EB0436BFE4BB99 /* Pods-Britbox-tvOS.releasestaging.xcconfig */;
			buildSettings = {
				ASSETCATALOG_COMPILER_APPICON_NAME = "App Icon & Top Shelf Image";
				ASSETCATALOG_COMPILER_LAUNCHIMAGE_NAME = LaunchImage;
				CLANG_ANALYZER_NONNULL = YES;
				CLANG_WARN_DOCUMENTATION_COMMENTS = YES;
				CLANG_WARN_INFINITE_RECURSION = YES;
				CLANG_WARN_SUSPICIOUS_MOVE = YES;
				COPY_PHASE_STRIP = NO;
				DEBUG_INFORMATION_FORMAT = "dwarf-with-dsym";
				GCC_NO_COMMON_BLOCKS = YES;
				INFOPLIST_FILE = "Britbox-tvOS/Info.plist";
				LD_RUNPATH_SEARCH_PATHS = "$(inherited) @executable_path/Frameworks";
				OTHER_LDFLAGS = (
					"$(inherited)",
					"-ObjC",
					"-lc++",
				);
				PRODUCT_BUNDLE_IDENTIFIER = "org.reactjs.native.example.Britbox-tvOS";
				PRODUCT_NAME = "$(TARGET_NAME)";
				SDKROOT = appletvos;
				TARGETED_DEVICE_FAMILY = 3;
				TVOS_DEPLOYMENT_TARGET = 10.0;
			};
			name = ReleaseStaging;
		};
		2D02E4991E0B4A5E006451C7 /* DebugStaging */ = {
			isa = XCBuildConfiguration;
			baseConfigurationReference = FB262D235E87DA05C2F3E1F9 /* Pods-Britbox-tvOSTests.debugstaging.xcconfig */;
			buildSettings = {
				BUNDLE_LOADER = "$(TEST_HOST)";
				CLANG_ANALYZER_NONNULL = YES;
				CLANG_WARN_DOCUMENTATION_COMMENTS = YES;
				CLANG_WARN_INFINITE_RECURSION = YES;
				CLANG_WARN_SUSPICIOUS_MOVE = YES;
				DEBUG_INFORMATION_FORMAT = dwarf;
				ENABLE_TESTABILITY = YES;
				GCC_NO_COMMON_BLOCKS = YES;
				INFOPLIST_FILE = "Britbox-tvOSTests/Info.plist";
				LD_RUNPATH_SEARCH_PATHS = "$(inherited) @executable_path/Frameworks @loader_path/Frameworks";
				OTHER_LDFLAGS = (
					"$(inherited)",
					"-ObjC",
					"-lc++",
				);
				PRODUCT_BUNDLE_IDENTIFIER = "org.reactjs.native.example.Britbox-tvOSTests";
				PRODUCT_NAME = "$(TARGET_NAME)";
				SDKROOT = appletvos;
				TEST_HOST = "$(BUILT_PRODUCTS_DIR)/Britbox-tvOS.app/Britbox-tvOS";
				TVOS_DEPLOYMENT_TARGET = 10.1;
			};
			name = DebugStaging;
		};
		2D02E49A1E0B4A5E006451C7 /* ReleaseStaging */ = {
			isa = XCBuildConfiguration;
			baseConfigurationReference = AB80DCBAD7EE37D5335F4FEE /* Pods-Britbox-tvOSTests.releasestaging.xcconfig */;
			buildSettings = {
				BUNDLE_LOADER = "$(TEST_HOST)";
				CLANG_ANALYZER_NONNULL = YES;
				CLANG_WARN_DOCUMENTATION_COMMENTS = YES;
				CLANG_WARN_INFINITE_RECURSION = YES;
				CLANG_WARN_SUSPICIOUS_MOVE = YES;
				COPY_PHASE_STRIP = NO;
				DEBUG_INFORMATION_FORMAT = "dwarf-with-dsym";
				GCC_NO_COMMON_BLOCKS = YES;
				INFOPLIST_FILE = "Britbox-tvOSTests/Info.plist";
				LD_RUNPATH_SEARCH_PATHS = "$(inherited) @executable_path/Frameworks @loader_path/Frameworks";
				OTHER_LDFLAGS = (
					"$(inherited)",
					"-ObjC",
					"-lc++",
				);
				PRODUCT_BUNDLE_IDENTIFIER = "org.reactjs.native.example.Britbox-tvOSTests";
				PRODUCT_NAME = "$(TARGET_NAME)";
				SDKROOT = appletvos;
				TEST_HOST = "$(BUILT_PRODUCTS_DIR)/Britbox-tvOS.app/Britbox-tvOS";
				TVOS_DEPLOYMENT_TARGET = 10.1;
			};
			name = ReleaseStaging;
		};
		83CBBA201A601CBA00E9B192 /* DebugStaging */ = {
			isa = XCBuildConfiguration;
			buildSettings = {
				ALWAYS_EMBED_SWIFT_STANDARD_LIBRARIES = YES;
				ALWAYS_SEARCH_USER_PATHS = NO;
				CLANG_ANALYZER_LOCALIZABILITY_NONLOCALIZED = YES;
				CLANG_CXX_LANGUAGE_STANDARD = "gnu++0x";
				CLANG_CXX_LIBRARY = "libc++";
				CLANG_ENABLE_MODULES = YES;
				CLANG_ENABLE_OBJC_ARC = YES;
				CLANG_WARN_BLOCK_CAPTURE_AUTORELEASING = YES;
				CLANG_WARN_BOOL_CONVERSION = YES;
				CLANG_WARN_COMMA = YES;
				CLANG_WARN_CONSTANT_CONVERSION = YES;
				CLANG_WARN_DEPRECATED_OBJC_IMPLEMENTATIONS = YES;
				CLANG_WARN_DIRECT_OBJC_ISA_USAGE = YES_ERROR;
				CLANG_WARN_EMPTY_BODY = YES;
				CLANG_WARN_ENUM_CONVERSION = YES;
				CLANG_WARN_INFINITE_RECURSION = YES;
				CLANG_WARN_INT_CONVERSION = YES;
				CLANG_WARN_NON_LITERAL_NULL_CONVERSION = YES;
				CLANG_WARN_OBJC_IMPLICIT_RETAIN_SELF = YES;
				CLANG_WARN_OBJC_LITERAL_CONVERSION = YES;
				CLANG_WARN_OBJC_ROOT_CLASS = YES_ERROR;
				CLANG_WARN_RANGE_LOOP_ANALYSIS = YES;
				CLANG_WARN_STRICT_PROTOTYPES = YES;
				CLANG_WARN_SUSPICIOUS_MOVE = YES;
				CLANG_WARN_UNREACHABLE_CODE = YES;
				CLANG_WARN__DUPLICATE_METHOD_MATCH = YES;
				"CODE_SIGN_IDENTITY[sdk=iphoneos*]" = "iPhone Developer";
				COPY_PHASE_STRIP = NO;
				ENABLE_STRICT_OBJC_MSGSEND = YES;
				ENABLE_TESTABILITY = YES;
				EXCLUDED_ARCHS = "";
				GCC_C_LANGUAGE_STANDARD = gnu99;
				GCC_DYNAMIC_NO_PIC = NO;
				GCC_NO_COMMON_BLOCKS = YES;
				GCC_OPTIMIZATION_LEVEL = 0;
				GCC_PREPROCESSOR_DEFINITIONS = (
					"DEBUG=1",
					"$(inherited)",
				);
				GCC_SYMBOLS_PRIVATE_EXTERN = NO;
				GCC_WARN_64_TO_32_BIT_CONVERSION = YES;
				GCC_WARN_ABOUT_RETURN_TYPE = YES_ERROR;
				GCC_WARN_UNDECLARED_SELECTOR = YES;
				GCC_WARN_UNINITIALIZED_AUTOS = YES_AGGRESSIVE;
				GCC_WARN_UNUSED_FUNCTION = YES;
				GCC_WARN_UNUSED_VARIABLE = YES;
				IPHONEOS_DEPLOYMENT_TARGET = 10.0;
				LD_RUNPATH_SEARCH_PATHS = "/usr/lib/swift $(inherited)";
				LIBRARY_SEARCH_PATHS = (
					"$(TOOLCHAIN_DIR)/usr/lib/swift/$(PLATFORM_NAME)",
					"$(inherited)",
				);
				MTL_ENABLE_DEBUG_INFO = YES;
				ONLY_ACTIVE_ARCH = YES;
				OTHER_LDFLAGS = (
					"-ObjC",
					"-framework",
					QuartzCore,
					"$(inherited)",
				);
				SDKROOT = iphoneos;
			};
			name = DebugStaging;
		};
		83CBBA211A601CBA00E9B192 /* ReleaseStaging */ = {
			isa = XCBuildConfiguration;
			buildSettings = {
				ALWAYS_EMBED_SWIFT_STANDARD_LIBRARIES = YES;
				ALWAYS_SEARCH_USER_PATHS = NO;
				CLANG_ANALYZER_LOCALIZABILITY_NONLOCALIZED = YES;
				CLANG_CXX_LANGUAGE_STANDARD = "gnu++0x";
				CLANG_CXX_LIBRARY = "libc++";
				CLANG_ENABLE_MODULES = YES;
				CLANG_ENABLE_OBJC_ARC = YES;
				CLANG_WARN_BLOCK_CAPTURE_AUTORELEASING = YES;
				CLANG_WARN_BOOL_CONVERSION = YES;
				CLANG_WARN_COMMA = YES;
				CLANG_WARN_CONSTANT_CONVERSION = YES;
				CLANG_WARN_DEPRECATED_OBJC_IMPLEMENTATIONS = YES;
				CLANG_WARN_DIRECT_OBJC_ISA_USAGE = YES_ERROR;
				CLANG_WARN_EMPTY_BODY = YES;
				CLANG_WARN_ENUM_CONVERSION = YES;
				CLANG_WARN_INFINITE_RECURSION = YES;
				CLANG_WARN_INT_CONVERSION = YES;
				CLANG_WARN_NON_LITERAL_NULL_CONVERSION = YES;
				CLANG_WARN_OBJC_IMPLICIT_RETAIN_SELF = YES;
				CLANG_WARN_OBJC_LITERAL_CONVERSION = YES;
				CLANG_WARN_OBJC_ROOT_CLASS = YES_ERROR;
				CLANG_WARN_RANGE_LOOP_ANALYSIS = YES;
				CLANG_WARN_STRICT_PROTOTYPES = YES;
				CLANG_WARN_SUSPICIOUS_MOVE = YES;
				CLANG_WARN_UNREACHABLE_CODE = YES;
				CLANG_WARN__DUPLICATE_METHOD_MATCH = YES;
				"CODE_SIGN_IDENTITY[sdk=iphoneos*]" = "iPhone Developer";
				COPY_PHASE_STRIP = YES;
				ENABLE_NS_ASSERTIONS = NO;
				ENABLE_STRICT_OBJC_MSGSEND = YES;
				EXCLUDED_ARCHS = "";
				GCC_C_LANGUAGE_STANDARD = gnu99;
				GCC_NO_COMMON_BLOCKS = YES;
				GCC_WARN_64_TO_32_BIT_CONVERSION = YES;
				GCC_WARN_ABOUT_RETURN_TYPE = YES_ERROR;
				GCC_WARN_UNDECLARED_SELECTOR = YES;
				GCC_WARN_UNINITIALIZED_AUTOS = YES_AGGRESSIVE;
				GCC_WARN_UNUSED_FUNCTION = YES;
				GCC_WARN_UNUSED_VARIABLE = YES;
				IPHONEOS_DEPLOYMENT_TARGET = 10.0;
				LD_RUNPATH_SEARCH_PATHS = "/usr/lib/swift $(inherited)";
				LIBRARY_SEARCH_PATHS = (
					"$(TOOLCHAIN_DIR)/usr/lib/swift/$(PLATFORM_NAME)",
					"$(inherited)",
				);
				MTL_ENABLE_DEBUG_INFO = NO;
				OTHER_LDFLAGS = (
					"-ObjC",
					"-framework",
					QuartzCore,
					"$(inherited)",
				);
				SDKROOT = iphoneos;
				VALIDATE_PRODUCT = YES;
			};
			name = ReleaseStaging;
		};
		A95E8272252B4A9F00ED0598 /* DebugProduction */ = {
			isa = XCBuildConfiguration;
			buildSettings = {
				ALWAYS_EMBED_SWIFT_STANDARD_LIBRARIES = YES;
				ALWAYS_SEARCH_USER_PATHS = NO;
				CLANG_ANALYZER_LOCALIZABILITY_NONLOCALIZED = YES;
				CLANG_CXX_LANGUAGE_STANDARD = "gnu++0x";
				CLANG_CXX_LIBRARY = "libc++";
				CLANG_ENABLE_MODULES = YES;
				CLANG_ENABLE_OBJC_ARC = YES;
				CLANG_WARN_BLOCK_CAPTURE_AUTORELEASING = YES;
				CLANG_WARN_BOOL_CONVERSION = YES;
				CLANG_WARN_COMMA = YES;
				CLANG_WARN_CONSTANT_CONVERSION = YES;
				CLANG_WARN_DEPRECATED_OBJC_IMPLEMENTATIONS = YES;
				CLANG_WARN_DIRECT_OBJC_ISA_USAGE = YES_ERROR;
				CLANG_WARN_EMPTY_BODY = YES;
				CLANG_WARN_ENUM_CONVERSION = YES;
				CLANG_WARN_INFINITE_RECURSION = YES;
				CLANG_WARN_INT_CONVERSION = YES;
				CLANG_WARN_NON_LITERAL_NULL_CONVERSION = YES;
				CLANG_WARN_OBJC_IMPLICIT_RETAIN_SELF = YES;
				CLANG_WARN_OBJC_LITERAL_CONVERSION = YES;
				CLANG_WARN_OBJC_ROOT_CLASS = YES_ERROR;
				CLANG_WARN_RANGE_LOOP_ANALYSIS = YES;
				CLANG_WARN_STRICT_PROTOTYPES = YES;
				CLANG_WARN_SUSPICIOUS_MOVE = YES;
				CLANG_WARN_UNREACHABLE_CODE = YES;
				CLANG_WARN__DUPLICATE_METHOD_MATCH = YES;
				"CODE_SIGN_IDENTITY[sdk=iphoneos*]" = "iPhone Developer";
				COPY_PHASE_STRIP = NO;
				ENABLE_STRICT_OBJC_MSGSEND = YES;
				ENABLE_TESTABILITY = YES;
				EXCLUDED_ARCHS = "";
				GCC_C_LANGUAGE_STANDARD = gnu99;
				GCC_DYNAMIC_NO_PIC = NO;
				GCC_NO_COMMON_BLOCKS = YES;
				GCC_OPTIMIZATION_LEVEL = 0;
				GCC_PREPROCESSOR_DEFINITIONS = (
					"DEBUG=1",
					"$(inherited)",
				);
				GCC_SYMBOLS_PRIVATE_EXTERN = NO;
				GCC_WARN_64_TO_32_BIT_CONVERSION = YES;
				GCC_WARN_ABOUT_RETURN_TYPE = YES_ERROR;
				GCC_WARN_UNDECLARED_SELECTOR = YES;
				GCC_WARN_UNINITIALIZED_AUTOS = YES_AGGRESSIVE;
				GCC_WARN_UNUSED_FUNCTION = YES;
				GCC_WARN_UNUSED_VARIABLE = YES;
				IPHONEOS_DEPLOYMENT_TARGET = 10.0;
				LD_RUNPATH_SEARCH_PATHS = "/usr/lib/swift $(inherited)";
				LIBRARY_SEARCH_PATHS = (
					"$(TOOLCHAIN_DIR)/usr/lib/swift/$(PLATFORM_NAME)",
					"$(inherited)",
				);
				MTL_ENABLE_DEBUG_INFO = YES;
				ONLY_ACTIVE_ARCH = YES;
				OTHER_LDFLAGS = (
					"-ObjC",
					"-framework",
					QuartzCore,
					"$(inherited)",
				);
				SDKROOT = iphoneos;
			};
			name = DebugProduction;
		};
		A95E8273252B4A9F00ED0598 /* DebugProduction */ = {
			isa = XCBuildConfiguration;
			baseConfigurationReference = 1650C729761E278826C9B7BA /* Pods-Britbox.debugproduction.xcconfig */;
			buildSettings = {
				ASSETCATALOG_COMPILER_APPICON_NAME = "AppIcon${BUNDLE_ID_SUFFIX}";
				BUNDLE_ID_SUFFIX = "";
				CLANG_ENABLE_MODULES = YES;
				CODE_SIGN_ENTITLEMENTS = Britbox/Britbox.entitlements;
				CODE_SIGN_IDENTITY = "iPhone Distribution";
				CODE_SIGN_STYLE = Manual;
				CURRENT_PROJECT_VERSION = 37;
				DEVELOPMENT_TEAM = 99MS4LGK4X;
				ENABLE_BITCODE = NO;
				GCC_PREPROCESSOR_DEFINITIONS = (
					"$(inherited)",
					"COCOAPODS=1",
					"$(inherited)",
					"GPB_USE_PROTOBUF_FRAMEWORK_IMPORTS=1",
					"$(inherited)",
					"SD_WEBP=1",
					"FB_SONARKIT_ENABLED=1",
				);
				INFOPLIST_FILE = Britbox/Info.plist;
				LD_RUNPATH_SEARCH_PATHS = "$(inherited) @executable_path/Frameworks";
				MARKETING_VERSION = 2.0.2;
				OTHER_LDFLAGS = (
					"$(inherited)",
					"-ObjC",
					"-lc++",
				);
				PRODUCT_BUNDLE_IDENTIFIER = com.britbox.us;
				PRODUCT_NAME = Britbox;
				PROVISIONING_PROFILE_SPECIFIER = "BritBox US iOS AppStore";
				SWIFT_OBJC_BRIDGING_HEADER = "Britbox-Bridging-Header.h";
				SWIFT_OPTIMIZATION_LEVEL = "-Onone";
				SWIFT_VERSION = 5.0;
				TARGETED_DEVICE_FAMILY = "1,2";
				VERSIONING_SYSTEM = "apple-generic";
			};
			name = DebugProduction;
		};
		A95E8274252B4A9F00ED0598 /* DebugProduction */ = {
			isa = XCBuildConfiguration;
			baseConfigurationReference = 97F7D9FD90473DA6DAEA76C5 /* Pods-Britbox-BritboxTests.debugproduction.xcconfig */;
			buildSettings = {
				ALWAYS_EMBED_SWIFT_STANDARD_LIBRARIES = YES;
				BUNDLE_LOADER = "$(TEST_HOST)";
				GCC_PREPROCESSOR_DEFINITIONS = (
					"DEBUG=1",
					"$(inherited)",
				);
				INFOPLIST_FILE = BritboxTests/Info.plist;
				IPHONEOS_DEPLOYMENT_TARGET = 10.0;
				LD_RUNPATH_SEARCH_PATHS = "$(inherited) @executable_path/Frameworks @loader_path/Frameworks";
				OTHER_LDFLAGS = (
					"-ObjC",
					"-lc++",
					"$(inherited)",
				);
				PRODUCT_BUNDLE_IDENTIFIER = "org.reactjs.native.example.$(PRODUCT_NAME:rfc1034identifier)";
				PRODUCT_NAME = "$(TARGET_NAME)";
				TEST_HOST = "$(BUILT_PRODUCTS_DIR)/Britbox.app/Britbox";
			};
			name = DebugProduction;
		};
		A95E8275252B4A9F00ED0598 /* DebugProduction */ = {
			isa = XCBuildConfiguration;
			baseConfigurationReference = 827631C811E1646C410EB803 /* Pods-Britbox-tvOS.debugproduction.xcconfig */;
			buildSettings = {
				ASSETCATALOG_COMPILER_APPICON_NAME = "App Icon & Top Shelf Image";
				ASSETCATALOG_COMPILER_LAUNCHIMAGE_NAME = LaunchImage;
				CLANG_ANALYZER_NONNULL = YES;
				CLANG_WARN_DOCUMENTATION_COMMENTS = YES;
				CLANG_WARN_INFINITE_RECURSION = YES;
				CLANG_WARN_SUSPICIOUS_MOVE = YES;
				DEBUG_INFORMATION_FORMAT = dwarf;
				ENABLE_TESTABILITY = YES;
				GCC_NO_COMMON_BLOCKS = YES;
				INFOPLIST_FILE = "Britbox-tvOS/Info.plist";
				LD_RUNPATH_SEARCH_PATHS = "$(inherited) @executable_path/Frameworks";
				OTHER_LDFLAGS = (
					"$(inherited)",
					"-ObjC",
					"-lc++",
				);
				PRODUCT_BUNDLE_IDENTIFIER = "org.reactjs.native.example.Britbox-tvOS";
				PRODUCT_NAME = "$(TARGET_NAME)";
				SDKROOT = appletvos;
				TARGETED_DEVICE_FAMILY = 3;
				TVOS_DEPLOYMENT_TARGET = 10.0;
			};
			name = DebugProduction;
		};
		A95E8276252B4A9F00ED0598 /* DebugProduction */ = {
			isa = XCBuildConfiguration;
			baseConfigurationReference = AF0B0B2D5F7E3822BD060737 /* Pods-Britbox-tvOSTests.debugproduction.xcconfig */;
			buildSettings = {
				BUNDLE_LOADER = "$(TEST_HOST)";
				CLANG_ANALYZER_NONNULL = YES;
				CLANG_WARN_DOCUMENTATION_COMMENTS = YES;
				CLANG_WARN_INFINITE_RECURSION = YES;
				CLANG_WARN_SUSPICIOUS_MOVE = YES;
				DEBUG_INFORMATION_FORMAT = dwarf;
				ENABLE_TESTABILITY = YES;
				GCC_NO_COMMON_BLOCKS = YES;
				INFOPLIST_FILE = "Britbox-tvOSTests/Info.plist";
				LD_RUNPATH_SEARCH_PATHS = "$(inherited) @executable_path/Frameworks @loader_path/Frameworks";
				OTHER_LDFLAGS = (
					"$(inherited)",
					"-ObjC",
					"-lc++",
				);
				PRODUCT_BUNDLE_IDENTIFIER = "org.reactjs.native.example.Britbox-tvOSTests";
				PRODUCT_NAME = "$(TARGET_NAME)";
				SDKROOT = appletvos;
				TEST_HOST = "$(BUILT_PRODUCTS_DIR)/Britbox-tvOS.app/Britbox-tvOS";
				TVOS_DEPLOYMENT_TARGET = 10.1;
			};
			name = DebugProduction;
		};
		A95E8277252B4BD600ED0598 /* ReleaseProduction */ = {
			isa = XCBuildConfiguration;
			buildSettings = {
				ALWAYS_EMBED_SWIFT_STANDARD_LIBRARIES = YES;
				ALWAYS_SEARCH_USER_PATHS = NO;
				CLANG_ANALYZER_LOCALIZABILITY_NONLOCALIZED = YES;
				CLANG_CXX_LANGUAGE_STANDARD = "gnu++0x";
				CLANG_CXX_LIBRARY = "libc++";
				CLANG_ENABLE_MODULES = YES;
				CLANG_ENABLE_OBJC_ARC = YES;
				CLANG_WARN_BLOCK_CAPTURE_AUTORELEASING = YES;
				CLANG_WARN_BOOL_CONVERSION = YES;
				CLANG_WARN_COMMA = YES;
				CLANG_WARN_CONSTANT_CONVERSION = YES;
				CLANG_WARN_DEPRECATED_OBJC_IMPLEMENTATIONS = YES;
				CLANG_WARN_DIRECT_OBJC_ISA_USAGE = YES_ERROR;
				CLANG_WARN_EMPTY_BODY = YES;
				CLANG_WARN_ENUM_CONVERSION = YES;
				CLANG_WARN_INFINITE_RECURSION = YES;
				CLANG_WARN_INT_CONVERSION = YES;
				CLANG_WARN_NON_LITERAL_NULL_CONVERSION = YES;
				CLANG_WARN_OBJC_IMPLICIT_RETAIN_SELF = YES;
				CLANG_WARN_OBJC_LITERAL_CONVERSION = YES;
				CLANG_WARN_OBJC_ROOT_CLASS = YES_ERROR;
				CLANG_WARN_RANGE_LOOP_ANALYSIS = YES;
				CLANG_WARN_STRICT_PROTOTYPES = YES;
				CLANG_WARN_SUSPICIOUS_MOVE = YES;
				CLANG_WARN_UNREACHABLE_CODE = YES;
				CLANG_WARN__DUPLICATE_METHOD_MATCH = YES;
				"CODE_SIGN_IDENTITY[sdk=iphoneos*]" = "iPhone Developer";
				COPY_PHASE_STRIP = YES;
				ENABLE_NS_ASSERTIONS = NO;
				ENABLE_STRICT_OBJC_MSGSEND = YES;
				EXCLUDED_ARCHS = "";
				GCC_C_LANGUAGE_STANDARD = gnu99;
				GCC_NO_COMMON_BLOCKS = YES;
				GCC_WARN_64_TO_32_BIT_CONVERSION = YES;
				GCC_WARN_ABOUT_RETURN_TYPE = YES_ERROR;
				GCC_WARN_UNDECLARED_SELECTOR = YES;
				GCC_WARN_UNINITIALIZED_AUTOS = YES_AGGRESSIVE;
				GCC_WARN_UNUSED_FUNCTION = YES;
				GCC_WARN_UNUSED_VARIABLE = YES;
				IPHONEOS_DEPLOYMENT_TARGET = 10.0;
				LD_RUNPATH_SEARCH_PATHS = "/usr/lib/swift $(inherited)";
				LIBRARY_SEARCH_PATHS = (
					"$(TOOLCHAIN_DIR)/usr/lib/swift/$(PLATFORM_NAME)",
					"$(inherited)",
				);
				MTL_ENABLE_DEBUG_INFO = NO;
				OTHER_LDFLAGS = (
					"-ObjC",
					"-framework",
					QuartzCore,
					"$(inherited)",
				);
				SDKROOT = iphoneos;
				VALIDATE_PRODUCT = YES;
			};
			name = ReleaseProduction;
		};
		A95E8278252B4BD600ED0598 /* ReleaseProduction */ = {
			isa = XCBuildConfiguration;
			baseConfigurationReference = 92EAF93D37EAD1E9396696F4 /* Pods-Britbox.releaseproduction.xcconfig */;
			buildSettings = {
				ASSETCATALOG_COMPILER_APPICON_NAME = "AppIcon${BUNDLE_ID_SUFFIX}";
				BUNDLE_ID_SUFFIX = "";
				CLANG_ENABLE_MODULES = YES;
				CODE_SIGN_ENTITLEMENTS = Britbox/Britbox.entitlements;
				CODE_SIGN_IDENTITY = "iPhone Distribution";
				CODE_SIGN_STYLE = Manual;
				CURRENT_PROJECT_VERSION = 37;
				DEVELOPMENT_TEAM = 99MS4LGK4X;
				INFOPLIST_FILE = Britbox/Info.plist;
				LD_RUNPATH_SEARCH_PATHS = "$(inherited) @executable_path/Frameworks";
				MARKETING_VERSION = 2.0.2;
				OTHER_LDFLAGS = (
					"$(inherited)",
					"-ObjC",
					"-lc++",
				);
				PRODUCT_BUNDLE_IDENTIFIER = com.britbox.us;
				PRODUCT_NAME = Britbox;
				PROVISIONING_PROFILE_SPECIFIER = "BritBox US iOS AppStore";
				SWIFT_OBJC_BRIDGING_HEADER = "Britbox-Bridging-Header.h";
				SWIFT_VERSION = 5.0;
				TARGETED_DEVICE_FAMILY = "1,2";
				VERSIONING_SYSTEM = "apple-generic";
			};
			name = ReleaseProduction;
		};
		A95E8279252B4BD600ED0598 /* ReleaseProduction */ = {
			isa = XCBuildConfiguration;
			baseConfigurationReference = 2A7B3BEDD025C1AA619A12B5 /* Pods-Britbox-BritboxTests.releaseproduction.xcconfig */;
			buildSettings = {
				ALWAYS_EMBED_SWIFT_STANDARD_LIBRARIES = YES;
				BUNDLE_LOADER = "$(TEST_HOST)";
				COPY_PHASE_STRIP = NO;
				INFOPLIST_FILE = BritboxTests/Info.plist;
				IPHONEOS_DEPLOYMENT_TARGET = 10.0;
				LD_RUNPATH_SEARCH_PATHS = "$(inherited) @executable_path/Frameworks @loader_path/Frameworks";
				OTHER_LDFLAGS = (
					"-ObjC",
					"-lc++",
					"$(inherited)",
				);
				PRODUCT_BUNDLE_IDENTIFIER = "org.reactjs.native.example.$(PRODUCT_NAME:rfc1034identifier)";
				PRODUCT_NAME = "$(TARGET_NAME)";
				TEST_HOST = "$(BUILT_PRODUCTS_DIR)/Britbox.app/Britbox";
			};
			name = ReleaseProduction;
		};
		A95E827A252B4BD600ED0598 /* ReleaseProduction */ = {
			isa = XCBuildConfiguration;
			baseConfigurationReference = FF2FE5C5234D6C3AD68B1B56 /* Pods-Britbox-tvOS.releaseproduction.xcconfig */;
			buildSettings = {
				ASSETCATALOG_COMPILER_APPICON_NAME = "App Icon & Top Shelf Image";
				ASSETCATALOG_COMPILER_LAUNCHIMAGE_NAME = LaunchImage;
				CLANG_ANALYZER_NONNULL = YES;
				CLANG_WARN_DOCUMENTATION_COMMENTS = YES;
				CLANG_WARN_INFINITE_RECURSION = YES;
				CLANG_WARN_SUSPICIOUS_MOVE = YES;
				COPY_PHASE_STRIP = NO;
				DEBUG_INFORMATION_FORMAT = "dwarf-with-dsym";
				GCC_NO_COMMON_BLOCKS = YES;
				INFOPLIST_FILE = "Britbox-tvOS/Info.plist";
				LD_RUNPATH_SEARCH_PATHS = "$(inherited) @executable_path/Frameworks";
				OTHER_LDFLAGS = (
					"$(inherited)",
					"-ObjC",
					"-lc++",
				);
				PRODUCT_BUNDLE_IDENTIFIER = "org.reactjs.native.example.Britbox-tvOS";
				PRODUCT_NAME = "$(TARGET_NAME)";
				SDKROOT = appletvos;
				TARGETED_DEVICE_FAMILY = 3;
				TVOS_DEPLOYMENT_TARGET = 10.0;
			};
			name = ReleaseProduction;
		};
		A95E827B252B4BD600ED0598 /* ReleaseProduction */ = {
			isa = XCBuildConfiguration;
			baseConfigurationReference = A3C38197917A5C829B72C13E /* Pods-Britbox-tvOSTests.releaseproduction.xcconfig */;
			buildSettings = {
				BUNDLE_LOADER = "$(TEST_HOST)";
				CLANG_ANALYZER_NONNULL = YES;
				CLANG_WARN_DOCUMENTATION_COMMENTS = YES;
				CLANG_WARN_INFINITE_RECURSION = YES;
				CLANG_WARN_SUSPICIOUS_MOVE = YES;
				COPY_PHASE_STRIP = NO;
				DEBUG_INFORMATION_FORMAT = "dwarf-with-dsym";
				GCC_NO_COMMON_BLOCKS = YES;
				INFOPLIST_FILE = "Britbox-tvOSTests/Info.plist";
				LD_RUNPATH_SEARCH_PATHS = "$(inherited) @executable_path/Frameworks @loader_path/Frameworks";
				OTHER_LDFLAGS = (
					"$(inherited)",
					"-ObjC",
					"-lc++",
				);
				PRODUCT_BUNDLE_IDENTIFIER = "org.reactjs.native.example.Britbox-tvOSTests";
				PRODUCT_NAME = "$(TARGET_NAME)";
				SDKROOT = appletvos;
				TEST_HOST = "$(BUILT_PRODUCTS_DIR)/Britbox-tvOS.app/Britbox-tvOS";
				TVOS_DEPLOYMENT_TARGET = 10.1;
			};
			name = ReleaseProduction;
		};
		A9907D0D2527514200645FAB /* Debug */ = {
			isa = XCBuildConfiguration;
			buildSettings = {
				ALWAYS_EMBED_SWIFT_STANDARD_LIBRARIES = YES;
				ALWAYS_SEARCH_USER_PATHS = NO;
				CLANG_ANALYZER_LOCALIZABILITY_NONLOCALIZED = YES;
				CLANG_CXX_LANGUAGE_STANDARD = "gnu++0x";
				CLANG_CXX_LIBRARY = "libc++";
				CLANG_ENABLE_MODULES = YES;
				CLANG_ENABLE_OBJC_ARC = YES;
				CLANG_WARN_BLOCK_CAPTURE_AUTORELEASING = YES;
				CLANG_WARN_BOOL_CONVERSION = YES;
				CLANG_WARN_COMMA = YES;
				CLANG_WARN_CONSTANT_CONVERSION = YES;
				CLANG_WARN_DEPRECATED_OBJC_IMPLEMENTATIONS = YES;
				CLANG_WARN_DIRECT_OBJC_ISA_USAGE = YES_ERROR;
				CLANG_WARN_EMPTY_BODY = YES;
				CLANG_WARN_ENUM_CONVERSION = YES;
				CLANG_WARN_INFINITE_RECURSION = YES;
				CLANG_WARN_INT_CONVERSION = YES;
				CLANG_WARN_NON_LITERAL_NULL_CONVERSION = YES;
				CLANG_WARN_OBJC_IMPLICIT_RETAIN_SELF = YES;
				CLANG_WARN_OBJC_LITERAL_CONVERSION = YES;
				CLANG_WARN_OBJC_ROOT_CLASS = YES_ERROR;
				CLANG_WARN_RANGE_LOOP_ANALYSIS = YES;
				CLANG_WARN_STRICT_PROTOTYPES = YES;
				CLANG_WARN_SUSPICIOUS_MOVE = YES;
				CLANG_WARN_UNREACHABLE_CODE = YES;
				CLANG_WARN__DUPLICATE_METHOD_MATCH = YES;
				"CODE_SIGN_IDENTITY[sdk=iphoneos*]" = "iPhone Developer";
				COPY_PHASE_STRIP = NO;
				ENABLE_STRICT_OBJC_MSGSEND = YES;
				ENABLE_TESTABILITY = YES;
				EXCLUDED_ARCHS = "";
				GCC_C_LANGUAGE_STANDARD = gnu99;
				GCC_DYNAMIC_NO_PIC = NO;
				GCC_NO_COMMON_BLOCKS = YES;
				GCC_OPTIMIZATION_LEVEL = 0;
				GCC_PREPROCESSOR_DEFINITIONS = (
					"DEBUG=1",
					"$(inherited)",
				);
				GCC_SYMBOLS_PRIVATE_EXTERN = NO;
				GCC_WARN_64_TO_32_BIT_CONVERSION = YES;
				GCC_WARN_ABOUT_RETURN_TYPE = YES_ERROR;
				GCC_WARN_UNDECLARED_SELECTOR = YES;
				GCC_WARN_UNINITIALIZED_AUTOS = YES_AGGRESSIVE;
				GCC_WARN_UNUSED_FUNCTION = YES;
				GCC_WARN_UNUSED_VARIABLE = YES;
				IPHONEOS_DEPLOYMENT_TARGET = 10.0;
				LD_RUNPATH_SEARCH_PATHS = "/usr/lib/swift $(inherited)";
				LIBRARY_SEARCH_PATHS = (
					"$(TOOLCHAIN_DIR)/usr/lib/swift/$(PLATFORM_NAME)",
					"$(inherited)",
				);
				MTL_ENABLE_DEBUG_INFO = YES;
				ONLY_ACTIVE_ARCH = YES;
				OTHER_LDFLAGS = (
					"-ObjC",
					"-framework",
					QuartzCore,
					"$(inherited)",
				);
				SDKROOT = iphoneos;
			};
			name = Debug;
		};
		A9907D0E2527514200645FAB /* Debug */ = {
			isa = XCBuildConfiguration;
			baseConfigurationReference = F0EE911E579BD2C131D702C9 /* Pods-Britbox.debug.xcconfig */;
			buildSettings = {
				ASSETCATALOG_COMPILER_APPICON_NAME = "AppIcon${BUNDLE_ID_SUFFIX}";
				BUNDLE_ID_SUFFIX = .staging;
				CLANG_ENABLE_MODULES = YES;
				CODE_SIGN_ENTITLEMENTS = Britbox/Britbox.entitlements;
				CODE_SIGN_IDENTITY = "iPhone Developer";
				CODE_SIGN_STYLE = Manual;
				CURRENT_PROJECT_VERSION = 37;
				DEVELOPMENT_TEAM = 99MS4LGK4X;
				ENABLE_BITCODE = NO;
				GCC_PREPROCESSOR_DEFINITIONS = (
					"$(inherited)",
					"COCOAPODS=1",
					"$(inherited)",
					"GPB_USE_PROTOBUF_FRAMEWORK_IMPORTS=1",
					"$(inherited)",
					"SD_WEBP=1",
					"FB_SONARKIT_ENABLED=1",
				);
				INFOPLIST_FILE = Britbox/Info.plist;
				LD_RUNPATH_SEARCH_PATHS = "$(inherited) @executable_path/Frameworks";
				MARKETING_VERSION = 2.0.2;
				OTHER_LDFLAGS = (
					"$(inherited)",
					"-ObjC",
					"-lc++",
				);
				PRODUCT_BUNDLE_IDENTIFIER = com.britbox.us.staging;
				PRODUCT_NAME = Britbox;
				PROVISIONING_PROFILE_SPECIFIER = "iOS Development Al - Staging";
				SWIFT_OBJC_BRIDGING_HEADER = "Britbox-Bridging-Header.h";
				SWIFT_OPTIMIZATION_LEVEL = "-Onone";
				SWIFT_VERSION = 5.0;
				TARGETED_DEVICE_FAMILY = "1,2";
				VERSIONING_SYSTEM = "apple-generic";
			};
			name = Debug;
		};
		A9907D0F2527514200645FAB /* Debug */ = {
			isa = XCBuildConfiguration;
			baseConfigurationReference = C181795586A793218A1DB2F8 /* Pods-Britbox-BritboxTests.debug.xcconfig */;
			buildSettings = {
				ALWAYS_EMBED_SWIFT_STANDARD_LIBRARIES = YES;
				BUNDLE_LOADER = "$(TEST_HOST)";
				GCC_PREPROCESSOR_DEFINITIONS = (
					"DEBUG=1",
					"$(inherited)",
				);
				INFOPLIST_FILE = BritboxTests/Info.plist;
				IPHONEOS_DEPLOYMENT_TARGET = 10.0;
				LD_RUNPATH_SEARCH_PATHS = "$(inherited) @executable_path/Frameworks @loader_path/Frameworks";
				OTHER_LDFLAGS = (
					"-ObjC",
					"-lc++",
					"$(inherited)",
				);
				PRODUCT_BUNDLE_IDENTIFIER = "org.reactjs.native.example.$(PRODUCT_NAME:rfc1034identifier)";
				PRODUCT_NAME = "$(TARGET_NAME)";
				TEST_HOST = "$(BUILT_PRODUCTS_DIR)/Britbox.app/Britbox";
			};
			name = Debug;
		};
		A9907D102527514200645FAB /* Debug */ = {
			isa = XCBuildConfiguration;
			baseConfigurationReference = D2B91337100E1CB4B3230395 /* Pods-Britbox-tvOS.debug.xcconfig */;
			buildSettings = {
				ASSETCATALOG_COMPILER_APPICON_NAME = "App Icon & Top Shelf Image";
				ASSETCATALOG_COMPILER_LAUNCHIMAGE_NAME = LaunchImage;
				CLANG_ANALYZER_NONNULL = YES;
				CLANG_WARN_DOCUMENTATION_COMMENTS = YES;
				CLANG_WARN_INFINITE_RECURSION = YES;
				CLANG_WARN_SUSPICIOUS_MOVE = YES;
				DEBUG_INFORMATION_FORMAT = dwarf;
				ENABLE_TESTABILITY = YES;
				GCC_NO_COMMON_BLOCKS = YES;
				INFOPLIST_FILE = "Britbox-tvOS/Info.plist";
				LD_RUNPATH_SEARCH_PATHS = "$(inherited) @executable_path/Frameworks";
				OTHER_LDFLAGS = (
					"$(inherited)",
					"-ObjC",
					"-lc++",
				);
				PRODUCT_BUNDLE_IDENTIFIER = "org.reactjs.native.example.Britbox-tvOS";
				PRODUCT_NAME = "$(TARGET_NAME)";
				SDKROOT = appletvos;
				TARGETED_DEVICE_FAMILY = 3;
				TVOS_DEPLOYMENT_TARGET = 10.0;
			};
			name = Debug;
		};
		A9907D112527514200645FAB /* Debug */ = {
			isa = XCBuildConfiguration;
			baseConfigurationReference = CD22690B825EC41E04D57653 /* Pods-Britbox-tvOSTests.debug.xcconfig */;
			buildSettings = {
				BUNDLE_LOADER = "$(TEST_HOST)";
				CLANG_ANALYZER_NONNULL = YES;
				CLANG_WARN_DOCUMENTATION_COMMENTS = YES;
				CLANG_WARN_INFINITE_RECURSION = YES;
				CLANG_WARN_SUSPICIOUS_MOVE = YES;
				DEBUG_INFORMATION_FORMAT = dwarf;
				ENABLE_TESTABILITY = YES;
				GCC_NO_COMMON_BLOCKS = YES;
				INFOPLIST_FILE = "Britbox-tvOSTests/Info.plist";
				LD_RUNPATH_SEARCH_PATHS = "$(inherited) @executable_path/Frameworks @loader_path/Frameworks";
				OTHER_LDFLAGS = (
					"$(inherited)",
					"-ObjC",
					"-lc++",
				);
				PRODUCT_BUNDLE_IDENTIFIER = "org.reactjs.native.example.Britbox-tvOSTests";
				PRODUCT_NAME = "$(TARGET_NAME)";
				SDKROOT = appletvos;
				TEST_HOST = "$(BUILT_PRODUCTS_DIR)/Britbox-tvOS.app/Britbox-tvOS";
				TVOS_DEPLOYMENT_TARGET = 10.1;
			};
			name = Debug;
		};
		A9907D122527514C00645FAB /* Release */ = {
			isa = XCBuildConfiguration;
			buildSettings = {
				ALWAYS_EMBED_SWIFT_STANDARD_LIBRARIES = YES;
				ALWAYS_SEARCH_USER_PATHS = NO;
				CLANG_ANALYZER_LOCALIZABILITY_NONLOCALIZED = YES;
				CLANG_CXX_LANGUAGE_STANDARD = "gnu++0x";
				CLANG_CXX_LIBRARY = "libc++";
				CLANG_ENABLE_MODULES = YES;
				CLANG_ENABLE_OBJC_ARC = YES;
				CLANG_WARN_BLOCK_CAPTURE_AUTORELEASING = YES;
				CLANG_WARN_BOOL_CONVERSION = YES;
				CLANG_WARN_COMMA = YES;
				CLANG_WARN_CONSTANT_CONVERSION = YES;
				CLANG_WARN_DEPRECATED_OBJC_IMPLEMENTATIONS = YES;
				CLANG_WARN_DIRECT_OBJC_ISA_USAGE = YES_ERROR;
				CLANG_WARN_EMPTY_BODY = YES;
				CLANG_WARN_ENUM_CONVERSION = YES;
				CLANG_WARN_INFINITE_RECURSION = YES;
				CLANG_WARN_INT_CONVERSION = YES;
				CLANG_WARN_NON_LITERAL_NULL_CONVERSION = YES;
				CLANG_WARN_OBJC_IMPLICIT_RETAIN_SELF = YES;
				CLANG_WARN_OBJC_LITERAL_CONVERSION = YES;
				CLANG_WARN_OBJC_ROOT_CLASS = YES_ERROR;
				CLANG_WARN_RANGE_LOOP_ANALYSIS = YES;
				CLANG_WARN_STRICT_PROTOTYPES = YES;
				CLANG_WARN_SUSPICIOUS_MOVE = YES;
				CLANG_WARN_UNREACHABLE_CODE = YES;
				CLANG_WARN__DUPLICATE_METHOD_MATCH = YES;
				"CODE_SIGN_IDENTITY[sdk=iphoneos*]" = "iPhone Developer";
				COPY_PHASE_STRIP = YES;
				ENABLE_NS_ASSERTIONS = NO;
				ENABLE_STRICT_OBJC_MSGSEND = YES;
				EXCLUDED_ARCHS = "";
				GCC_C_LANGUAGE_STANDARD = gnu99;
				GCC_NO_COMMON_BLOCKS = YES;
				GCC_WARN_64_TO_32_BIT_CONVERSION = YES;
				GCC_WARN_ABOUT_RETURN_TYPE = YES_ERROR;
				GCC_WARN_UNDECLARED_SELECTOR = YES;
				GCC_WARN_UNINITIALIZED_AUTOS = YES_AGGRESSIVE;
				GCC_WARN_UNUSED_FUNCTION = YES;
				GCC_WARN_UNUSED_VARIABLE = YES;
				IPHONEOS_DEPLOYMENT_TARGET = 10.0;
				LD_RUNPATH_SEARCH_PATHS = "/usr/lib/swift $(inherited)";
				LIBRARY_SEARCH_PATHS = (
					"$(TOOLCHAIN_DIR)/usr/lib/swift/$(PLATFORM_NAME)",
					"$(inherited)",
				);
				MTL_ENABLE_DEBUG_INFO = NO;
				OTHER_LDFLAGS = (
					"-ObjC",
					"-framework",
					QuartzCore,
					"$(inherited)",
				);
				SDKROOT = iphoneos;
				VALIDATE_PRODUCT = YES;
			};
			name = Release;
		};
		A9907D132527514C00645FAB /* Release */ = {
			isa = XCBuildConfiguration;
			baseConfigurationReference = F72EBA3E27BBD24178F30F88 /* Pods-Britbox.release.xcconfig */;
			buildSettings = {
				ASSETCATALOG_COMPILER_APPICON_NAME = "AppIcon${BUNDLE_ID_SUFFIX}";
				BUNDLE_ID_SUFFIX = .staging;
				CLANG_ENABLE_MODULES = YES;
				CODE_SIGN_ENTITLEMENTS = Britbox/Britbox.entitlements;
				CODE_SIGN_IDENTITY = "iPhone Developer";
				CODE_SIGN_STYLE = Manual;
				CURRENT_PROJECT_VERSION = 37;
				DEVELOPMENT_TEAM = 99MS4LGK4X;
				INFOPLIST_FILE = Britbox/Info.plist;
				LD_RUNPATH_SEARCH_PATHS = "$(inherited) @executable_path/Frameworks";
				MARKETING_VERSION = 2.0.2;
				OTHER_LDFLAGS = (
					"$(inherited)",
					"-ObjC",
					"-lc++",
				);
				PRODUCT_BUNDLE_IDENTIFIER = com.britbox.us.staging;
				PRODUCT_NAME = Britbox;
				PROVISIONING_PROFILE_SPECIFIER = "iOS Development Al - Staging";
				SWIFT_OBJC_BRIDGING_HEADER = "Britbox-Bridging-Header.h";
				SWIFT_VERSION = 5.0;
				TARGETED_DEVICE_FAMILY = "1,2";
				VERSIONING_SYSTEM = "apple-generic";
			};
			name = Release;
		};
		A9907D142527514C00645FAB /* Release */ = {
			isa = XCBuildConfiguration;
			baseConfigurationReference = BE6BE6C1CFADB314A2B83C84 /* Pods-Britbox-BritboxTests.release.xcconfig */;
			buildSettings = {
				ALWAYS_EMBED_SWIFT_STANDARD_LIBRARIES = YES;
				BUNDLE_LOADER = "$(TEST_HOST)";
				COPY_PHASE_STRIP = NO;
				INFOPLIST_FILE = BritboxTests/Info.plist;
				IPHONEOS_DEPLOYMENT_TARGET = 10.0;
				LD_RUNPATH_SEARCH_PATHS = "$(inherited) @executable_path/Frameworks @loader_path/Frameworks";
				OTHER_LDFLAGS = (
					"-ObjC",
					"-lc++",
					"$(inherited)",
				);
				PRODUCT_BUNDLE_IDENTIFIER = "org.reactjs.native.example.$(PRODUCT_NAME:rfc1034identifier)";
				PRODUCT_NAME = "$(TARGET_NAME)";
				TEST_HOST = "$(BUILT_PRODUCTS_DIR)/Britbox.app/Britbox";
			};
			name = Release;
		};
		A9907D152527514C00645FAB /* Release */ = {
			isa = XCBuildConfiguration;
			baseConfigurationReference = 2609B2419461587409AD08FF /* Pods-Britbox-tvOS.release.xcconfig */;
			buildSettings = {
				ASSETCATALOG_COMPILER_APPICON_NAME = "App Icon & Top Shelf Image";
				ASSETCATALOG_COMPILER_LAUNCHIMAGE_NAME = LaunchImage;
				CLANG_ANALYZER_NONNULL = YES;
				CLANG_WARN_DOCUMENTATION_COMMENTS = YES;
				CLANG_WARN_INFINITE_RECURSION = YES;
				CLANG_WARN_SUSPICIOUS_MOVE = YES;
				COPY_PHASE_STRIP = NO;
				DEBUG_INFORMATION_FORMAT = "dwarf-with-dsym";
				GCC_NO_COMMON_BLOCKS = YES;
				INFOPLIST_FILE = "Britbox-tvOS/Info.plist";
				LD_RUNPATH_SEARCH_PATHS = "$(inherited) @executable_path/Frameworks";
				OTHER_LDFLAGS = (
					"$(inherited)",
					"-ObjC",
					"-lc++",
				);
				PRODUCT_BUNDLE_IDENTIFIER = "org.reactjs.native.example.Britbox-tvOS";
				PRODUCT_NAME = "$(TARGET_NAME)";
				SDKROOT = appletvos;
				TARGETED_DEVICE_FAMILY = 3;
				TVOS_DEPLOYMENT_TARGET = 10.0;
			};
			name = Release;
		};
		A9907D162527514C00645FAB /* Release */ = {
			isa = XCBuildConfiguration;
			baseConfigurationReference = 9D3640F70FE243F577C57DD6 /* Pods-Britbox-tvOSTests.release.xcconfig */;
			buildSettings = {
				BUNDLE_LOADER = "$(TEST_HOST)";
				CLANG_ANALYZER_NONNULL = YES;
				CLANG_WARN_DOCUMENTATION_COMMENTS = YES;
				CLANG_WARN_INFINITE_RECURSION = YES;
				CLANG_WARN_SUSPICIOUS_MOVE = YES;
				COPY_PHASE_STRIP = NO;
				DEBUG_INFORMATION_FORMAT = "dwarf-with-dsym";
				GCC_NO_COMMON_BLOCKS = YES;
				INFOPLIST_FILE = "Britbox-tvOSTests/Info.plist";
				LD_RUNPATH_SEARCH_PATHS = "$(inherited) @executable_path/Frameworks @loader_path/Frameworks";
				OTHER_LDFLAGS = (
					"$(inherited)",
					"-ObjC",
					"-lc++",
				);
				PRODUCT_BUNDLE_IDENTIFIER = "org.reactjs.native.example.Britbox-tvOSTests";
				PRODUCT_NAME = "$(TARGET_NAME)";
				SDKROOT = appletvos;
				TEST_HOST = "$(BUILT_PRODUCTS_DIR)/Britbox-tvOS.app/Britbox-tvOS";
				TVOS_DEPLOYMENT_TARGET = 10.1;
			};
			name = Release;
		};
/* End XCBuildConfiguration section */

/* Begin XCConfigurationList section */
		00E357021AD99517003FC87E /* Build configuration list for PBXNativeTarget "BritboxTests" */ = {
			isa = XCConfigurationList;
			buildConfigurations = (
				00E356F61AD99517003FC87E /* DebugStaging */,
				A9907D0F2527514200645FAB /* Debug */,
				A95E8274252B4A9F00ED0598 /* DebugProduction */,
				00E356F71AD99517003FC87E /* ReleaseStaging */,
				A9907D142527514C00645FAB /* Release */,
				A95E8279252B4BD600ED0598 /* ReleaseProduction */,
			);
			defaultConfigurationIsVisible = 0;
			defaultConfigurationName = ReleaseStaging;
		};
		13B07F931A680F5B00A75B9A /* Build configuration list for PBXNativeTarget "Britbox" */ = {
			isa = XCConfigurationList;
			buildConfigurations = (
				13B07F941A680F5B00A75B9A /* DebugStaging */,
				A9907D0E2527514200645FAB /* Debug */,
				A95E8273252B4A9F00ED0598 /* DebugProduction */,
				13B07F951A680F5B00A75B9A /* ReleaseStaging */,
				A9907D132527514C00645FAB /* Release */,
				A95E8278252B4BD600ED0598 /* ReleaseProduction */,
			);
			defaultConfigurationIsVisible = 0;
			defaultConfigurationName = ReleaseStaging;
		};
		2D02E4BA1E0B4A5E006451C7 /* Build configuration list for PBXNativeTarget "Britbox-tvOS" */ = {
			isa = XCConfigurationList;
			buildConfigurations = (
				2D02E4971E0B4A5E006451C7 /* DebugStaging */,
				A9907D102527514200645FAB /* Debug */,
				A95E8275252B4A9F00ED0598 /* DebugProduction */,
				2D02E4981E0B4A5E006451C7 /* ReleaseStaging */,
				A9907D152527514C00645FAB /* Release */,
				A95E827A252B4BD600ED0598 /* ReleaseProduction */,
			);
			defaultConfigurationIsVisible = 0;
			defaultConfigurationName = ReleaseStaging;
		};
		2D02E4BB1E0B4A5E006451C7 /* Build configuration list for PBXNativeTarget "Britbox-tvOSTests" */ = {
			isa = XCConfigurationList;
			buildConfigurations = (
				2D02E4991E0B4A5E006451C7 /* DebugStaging */,
				A9907D112527514200645FAB /* Debug */,
				A95E8276252B4A9F00ED0598 /* DebugProduction */,
				2D02E49A1E0B4A5E006451C7 /* ReleaseStaging */,
				A9907D162527514C00645FAB /* Release */,
				A95E827B252B4BD600ED0598 /* ReleaseProduction */,
			);
			defaultConfigurationIsVisible = 0;
			defaultConfigurationName = ReleaseStaging;
		};
		83CBB9FA1A601CBA00E9B192 /* Build configuration list for PBXProject "Britbox" */ = {
			isa = XCConfigurationList;
			buildConfigurations = (
				83CBBA201A601CBA00E9B192 /* DebugStaging */,
				A9907D0D2527514200645FAB /* Debug */,
				A95E8272252B4A9F00ED0598 /* DebugProduction */,
				83CBBA211A601CBA00E9B192 /* ReleaseStaging */,
				A9907D122527514C00645FAB /* Release */,
				A95E8277252B4BD600ED0598 /* ReleaseProduction */,
			);
			defaultConfigurationIsVisible = 0;
			defaultConfigurationName = ReleaseStaging;
		};
/* End XCConfigurationList section */
	};
	rootObject = 83CBB9F71A601CBA00E9B192 /* Project object */;
}
